// !$*UTF8*$!
{
	archiveVersion = 1;
	classes = {
	};
	objectVersion = 46;
	objects = {

/* Begin PBXBuildFile section */
		3763C72E15313DFE00814E54 /* UIKit.framework in Frameworks */ = {isa = PBXBuildFile; fileRef = 3763C72D15313DFE00814E54 /* UIKit.framework */; };
		3763C73015313DFE00814E54 /* Foundation.framework in Frameworks */ = {isa = PBXBuildFile; fileRef = 3763C72F15313DFE00814E54 /* Foundation.framework */; };
		3763C73215313DFE00814E54 /* CoreGraphics.framework in Frameworks */ = {isa = PBXBuildFile; fileRef = 3763C73115313DFE00814E54 /* CoreGraphics.framework */; };
		3763C73815313DFE00814E54 /* InfoPlist.strings in Resources */ = {isa = PBXBuildFile; fileRef = 3763C73615313DFE00814E54 /* InfoPlist.strings */; };
		3763C73A15313DFE00814E54 /* main.m in Sources */ = {isa = PBXBuildFile; fileRef = 3763C73915313DFE00814E54 /* main.m */; };
		3763C73E15313DFE00814E54 /* AppDelegate.m in Sources */ = {isa = PBXBuildFile; fileRef = 3763C73D15313DFE00814E54 /* AppDelegate.m */; };
		3763C74115313DFE00814E54 /* MainStoryboard_iPhone.storyboard in Resources */ = {isa = PBXBuildFile; fileRef = 3763C73F15313DFE00814E54 /* MainStoryboard_iPhone.storyboard */; };
		3763C74415313DFE00814E54 /* MainStoryboard_iPad.storyboard in Resources */ = {isa = PBXBuildFile; fileRef = 3763C74215313DFE00814E54 /* MainStoryboard_iPad.storyboard */; };
		3763C74715313DFE00814E54 /* MasterViewController.m in Sources */ = {isa = PBXBuildFile; fileRef = 3763C74615313DFE00814E54 /* MasterViewController.m */; };
		3763C74A15313DFE00814E54 /* DetailViewController.m in Sources */ = {isa = PBXBuildFile; fileRef = 3763C74915313DFE00814E54 /* DetailViewController.m */; };
/* End PBXBuildFile section */

/* Begin PBXFileReference section */
		3763C72915313DFE00814E54 /* Wiki App.app */ = {isa = PBXFileReference; explicitFileType = wrapper.application; includeInIndex = 0; path = "Wiki App.app"; sourceTree = BUILT_PRODUCTS_DIR; };
		3763C72D15313DFE00814E54 /* UIKit.framework */ = {isa = PBXFileReference; lastKnownFileType = wrapper.framework; name = UIKit.framework; path = System/Library/Frameworks/UIKit.framework; sourceTree = SDKROOT; };
		3763C72F15313DFE00814E54 /* Foundation.framework */ = {isa = PBXFileReference; lastKnownFileType = wrapper.framework; name = Foundation.framework; path = System/Library/Frameworks/Foundation.framework; sourceTree = SDKROOT; };
		3763C73115313DFE00814E54 /* CoreGraphics.framework */ = {isa = PBXFileReference; lastKnownFileType = wrapper.framework; name = CoreGraphics.framework; path = System/Library/Frameworks/CoreGraphics.framework; sourceTree = SDKROOT; };
		3763C73515313DFE00814E54 /* Wiki App-Info.plist */ = {isa = PBXFileReference; path = "Wiki App-Info.plist"; sourceTree = "<group>"; };
		3763C73715313DFE00814E54 /* en */ = {isa = PBXFileReference; lastKnownFileType = text.plist.strings; name = en; path = en.lproj/InfoPlist.strings; sourceTree = "<group>"; };
		3763C73915313DFE00814E54 /* main.m */ = {isa = PBXFileReference; lastKnownFileType = sourcecode.c.objc; path = main.m; sourceTree = "<group>"; };
		3763C73B15313DFE00814E54 /* Wiki App-Prefix.pch */ = {isa = PBXFileReference; path = "Wiki App-Prefix.pch"; sourceTree = "<group>"; };
		3763C73C15313DFE00814E54 /* AppDelegate.h */ = {isa = PBXFileReference; path = AppDelegate.h; sourceTree = "<group>"; };
		3763C73D15313DFE00814E54 /* AppDelegate.m */ = {isa = PBXFileReference; lastKnownFileType = sourcecode.c.objc; path = AppDelegate.m; sourceTree = "<group>"; };
		3763C74015313DFE00814E54 /* en */ = {isa = PBXFileReference; lastKnownFileType = file.storyboard; name = en; path = en.lproj/MainStoryboard_iPhone.storyboard; sourceTree = "<group>"; };
		3763C74315313DFE00814E54 /* en */ = {isa = PBXFileReference; lastKnownFileType = file.storyboard; name = en; path = en.lproj/MainStoryboard_iPad.storyboard; sourceTree = "<group>"; };
		3763C74515313DFE00814E54 /* MasterViewController.h */ = {isa = PBXFileReference; path = MasterViewController.h; sourceTree = "<group>"; };
		3763C74615313DFE00814E54 /* MasterViewController.m */ = {isa = PBXFileReference; lastKnownFileType = sourcecode.c.objc; path = MasterViewController.m; sourceTree = "<group>"; };
		3763C74815313DFE00814E54 /* DetailViewController.h */ = {isa = PBXFileReference; path = DetailViewController.h; sourceTree = "<group>"; };
		3763C74915313DFE00814E54 /* DetailViewController.m */ = {isa = PBXFileReference; lastKnownFileType = sourcecode.c.objc; path = DetailViewController.m; sourceTree = "<group>"; };
/* End PBXFileReference section */

/* Begin PBXFrameworksBuildPhase section */
		3763C72615313DFE00814E54 /* Frameworks */ = {
			isa = PBXFrameworksBuildPhase;
			buildActionMask = 2147483647;
			files = (
				3763C72E15313DFE00814E54 /* UIKit.framework in Frameworks */,
				3763C73015313DFE00814E54 /* Foundation.framework in Frameworks */,
				3763C73215313DFE00814E54 /* CoreGraphics.framework in Frameworks */,
			);
			runOnlyForDeploymentPostprocessing = 0;
		};
/* End PBXFrameworksBuildPhase section */

/* Begin PBXGroup section */
		3763C71E15313DFD00814E54 = {
			isa = PBXGroup;
			children = (
				3763C73315313DFE00814E54 /* Wiki App */,
				3763C72C15313DFE00814E54 /* Frameworks */,
				3763C72A15313DFE00814E54 /* Products */,
			);
			sourceTree = "<group>";
		};
		3763C72A15313DFE00814E54 /* Products */ = {
			isa = PBXGroup;
			children = (
				3763C72915313DFE00814E54 /* Wiki App.app */,
			);
			name = Products;
			sourceTree = "<group>";
		};
		3763C72C15313DFE00814E54 /* Frameworks */ = {
			isa = PBXGroup;
			children = (
				3763C72D15313DFE00814E54 /* UIKit.framework */,
				3763C72F15313DFE00814E54 /* Foundation.framework */,
				3763C73115313DFE00814E54 /* CoreGraphics.framework */,
			);
			name = Frameworks;
			sourceTree = "<group>";
		};
		3763C73315313DFE00814E54 /* Wiki App */ = {
			isa = PBXGroup;
			children = (
				3763C73C15313DFE00814E54 /* AppDelegate.h */,
				3763C73D15313DFE00814E54 /* AppDelegate.m */,
				3763C73F15313DFE00814E54 /* MainStoryboard_iPhone.storyboard */,
				3763C74215313DFE00814E54 /* MainStoryboard_iPad.storyboard */,
				3763C74515313DFE00814E54 /* MasterViewController.h */,
				3763C74615313DFE00814E54 /* MasterViewController.m */,
				3763C74815313DFE00814E54 /* DetailViewController.h */,
				3763C74915313DFE00814E54 /* DetailViewController.m */,
				3763C73415313DFE00814E54 /* Supporting Files */,
			);
			path = "Wiki App";
			sourceTree = "<group>";
		};
		3763C73415313DFE00814E54 /* Supporting Files */ = {
			isa = PBXGroup;
			children = (
				3763C73515313DFE00814E54 /* Wiki App-Info.plist */,
				3763C73615313DFE00814E54 /* InfoPlist.strings */,
				3763C73915313DFE00814E54 /* main.m */,
				3763C73B15313DFE00814E54 /* Wiki App-Prefix.pch */,
			);
			name = "Supporting Files";
			sourceTree = "<group>";
		};
/* End PBXGroup section */

/* Begin PBXNativeTarget section */
		3763C72815313DFE00814E54 /* Wiki App */ = {
			isa = PBXNativeTarget;
			buildConfigurationList = 3763C74D15313DFE00814E54 /* Build configuration list for PBXNativeTarget "Wiki App" */;
			buildPhases = (
				3763C72515313DFE00814E54 /* Sources */,
				3763C72615313DFE00814E54 /* Frameworks */,
				3763C72715313DFE00814E54 /* Resources */,
			);
			buildRules = (
			);
			dependencies = (
			);
			name = "Wiki App";
			productName = "Wiki App";
			productReference = 3763C72915313DFE00814E54 /* Wiki App.app */;
			productType = "com.apple.product-type.application";
		};
/* End PBXNativeTarget section */

/* Begin PBXProject section */
		3763C72015313DFD00814E54 /* Project object */ = {
			isa = PBXProject;
			attributes = {
				LastUpgradeCheck = 0430;
			};
			buildConfigurationList = 3763C72315313DFD00814E54 /* Build configuration list for PBXProject "Wiki App" */;
			compatibilityVersion = "Xcode 3.2";
			developmentRegion = English;
			hasScannedForEncodings = 0;
			knownRegions = (
				en,
			);
			mainGroup = 3763C71E15313DFD00814E54;
			productRefGroup = 3763C72A15313DFE00814E54 /* Products */;
			projectDirPath = "";
			projectRoot = "";
			targets = (
				3763C72815313DFE00814E54 /* Wiki App */,
			);
		};
/* End PBXProject section */

/* Begin PBXResourcesBuildPhase section */
		3763C72715313DFE00814E54 /* Resources */ = {
			isa = PBXResourcesBuildPhase;
			buildActionMask = 2147483647;
			files = (
				3763C73815313DFE00814E54 /* InfoPlist.strings in Resources */,
				3763C74115313DFE00814E54 /* MainStoryboard_iPhone.storyboard in Resources */,
				3763C74415313DFE00814E54 /* MainStoryboard_iPad.storyboard in Resources */,
			);
			runOnlyForDeploymentPostprocessing = 0;
		};
/* End PBXResourcesBuildPhase section */

/* Begin PBXSourcesBuildPhase section */
		3763C72515313DFE00814E54 /* Sources */ = {
			isa = PBXSourcesBuildPhase;
			buildActionMask = 2147483647;
			files = (
				3763C73A15313DFE00814E54 /* main.m in Sources */,
				3763C73E15313DFE00814E54 /* AppDelegate.m in Sources */,
				3763C74715313DFE00814E54 /* MasterViewController.m in Sources */,
				3763C74A15313DFE00814E54 /* DetailViewController.m in Sources */,
			);
			runOnlyForDeploymentPostprocessing = 0;
		};
/* End PBXSourcesBuildPhase section */

/* Begin PBXVariantGroup section */
		3763C73615313DFE00814E54 /* InfoPlist.strings */ = {
			isa = PBXVariantGroup;
			children = (
				3763C73715313DFE00814E54 /* en */,
			);
			name = InfoPlist.strings;
			sourceTree = "<group>";
		};
		3763C73F15313DFE00814E54 /* MainStoryboard_iPhone.storyboard */ = {
			isa = PBXVariantGroup;
			children = (
				3763C74015313DFE00814E54 /* en */,
			);
			name = MainStoryboard_iPhone.storyboard;
			sourceTree = "<group>";
		};
		3763C74215313DFE00814E54 /* MainStoryboard_iPad.storyboard */ = {
			isa = PBXVariantGroup;
			children = (
				3763C74315313DFE00814E54 /* en */,
			);
			name = MainStoryboard_iPad.storyboard;
			sourceTree = "<group>";
		};
/* End PBXVariantGroup section */

/* Begin XCBuildConfiguration section */
		3763C74B15313DFE00814E54 /* Debug */ = {
			isa = XCBuildConfiguration;
			buildSettings = {
				ALWAYS_SEARCH_USER_PATHS = NO;
				ARCHS = "$(ARCHS_STANDARD_32_BIT)";
				CLANG_ENABLE_OBJC_ARC = YES;
				"CODE_SIGN_IDENTITY[sdk=iphoneos*]" = "iPhone Developer";
				COPY_PHASE_STRIP = NO;
				GCC_C_LANGUAGE_STANDARD = gnu99;
				GCC_DYNAMIC_NO_PIC = NO;
				GCC_OPTIMIZATION_LEVEL = 0;
				GCC_PREPROCESSOR_DEFINITIONS = (
					"DEBUG=1",
					"$(inherited)",
				);
				GCC_SYMBOLS_PRIVATE_EXTERN = NO;
				GCC_VERSION = com.apple.compilers.llvm.clang.1_0;
				GCC_WARN_ABOUT_RETURN_TYPE = YES;
				GCC_WARN_UNINITIALIZED_AUTOS = YES;
				GCC_WARN_UNUSED_VARIABLE = YES;
				IPHONEOS_DEPLOYMENT_TARGET = 5.1;
				SDKROOT = iphoneos;
				TARGETED_DEVICE_FAMILY = "1,2";
			};
			name = Debug;
		};
		3763C74C15313DFE00814E54 /* Release */ = {
			isa = XCBuildConfiguration;
			buildSettings = {
				ALWAYS_SEARCH_USER_PATHS = NO;
				ARCHS = "$(ARCHS_STANDARD_32_BIT)";
				CLANG_ENABLE_OBJC_ARC = YES;
				"CODE_SIGN_IDENTITY[sdk=iphoneos*]" = "iPhone Developer";
				COPY_PHASE_STRIP = YES;
				GCC_C_LANGUAGE_STANDARD = gnu99;
				GCC_VERSION = com.apple.compilers.llvm.clang.1_0;
				GCC_WARN_ABOUT_RETURN_TYPE = YES;
				GCC_WARN_UNINITIALIZED_AUTOS = YES;
				GCC_WARN_UNUSED_VARIABLE = YES;
				IPHONEOS_DEPLOYMENT_TARGET = 5.1;
				OTHER_CFLAGS = "-DNS_BLOCK_ASSERTIONS=1";
				SDKROOT = iphoneos;
				TARGETED_DEVICE_FAMILY = "1,2";
				VALIDATE_PRODUCT = YES;
			};
			name = Release;
		};
		3763C74E15313DFE00814E54 /* Debug */ = {
			isa = XCBuildConfiguration;
			buildSettings = {
				GCC_PRECOMPILE_PREFIX_HEADER = YES;
				GCC_PREFIX_HEADER = "Wiki App/Wiki App-Prefix.pch";
				INFOPLIST_FILE = "Wiki App/Wiki App-Info.plist";
				PRODUCT_NAME = "$(TARGET_NAME)";
				WRAPPER_EXTENSION = app;
			};
			name = Debug;
		};
		3763C74F15313DFE00814E54 /* Release */ = {
			isa = XCBuildConfiguration;
			buildSettings = {
				GCC_PRECOMPILE_PREFIX_HEADER = YES;
				GCC_PREFIX_HEADER = "Wiki App/Wiki App-Prefix.pch";
				INFOPLIST_FILE = "Wiki App/Wiki App-Info.plist";
				PRODUCT_NAME = "$(TARGET_NAME)";
				WRAPPER_EXTENSION = app;
			};
			name = Release;
		};
/* End XCBuildConfiguration section */

/* Begin XCConfigurationList section */
		3763C72315313DFD00814E54 /* Build configuration list for PBXProject "Wiki App" */ = {
			isa = XCConfigurationList;
			buildConfigurations = (
				3763C74B15313DFE00814E54 /* Debug */,
				3763C74C15313DFE00814E54 /* Release */,
			);
			defaultConfigurationIsVisible = 0;
			defaultConfigurationName = Release;
		};
		3763C74D15313DFE00814E54 /* Build configuration list for PBXNativeTarget "Wiki App" */ = {
			isa = XCConfigurationList;
			buildConfigurations = (
				3763C74E15313DFE00814E54 /* Debug */,
				3763C74F15313DFE00814E54 /* Release */,
			);
			defaultConfigurationIsVisible = 0;
		};
/* End XCConfigurationList section */
	};
	rootObject = 3763C72015313DFD00814E54 /* Project object */;
}
