// !$*UTF8*$!
{
	archiveVersion = 1;
	classes = {
	};
	objectVersion = 46;
	objects = {

/* Begin PBXBuildFile section */
		370AEACB1579D3AB0095F510 /* CoreData.framework in Frameworks */ = {isa = PBXBuildFile; fileRef = 370AEACA1579D3AB0095F510 /* CoreData.framework */; };
		370AEAD41579D8EA0095F510 /* History.xcdatamodeld in Sources */ = {isa = PBXBuildFile; fileRef = 370AEAD21579D8EA0095F510 /* History.xcdatamodeld */; };
		371488E51541445E00BE1E4E /* libxml2.dylib in Frameworks */ = {isa = PBXBuildFile; fileRef = 371488E41541445E00BE1E4E /* libxml2.dylib */; };
		37197FA2155CCDBE00BCCA06 /* bottombar@2x~ipad.png in Resources */ = {isa = PBXBuildFile; fileRef = 37197FA0155CCDBE00BCCA06 /* bottombar@2x~ipad.png */; };
		37197FA3155CCDBE00BCCA06 /* bottombar~ipad.png in Resources */ = {isa = PBXBuildFile; fileRef = 37197FA1155CCDBE00BCCA06 /* bottombar~ipad.png */; };
		37206D7F157B55EA00860192 /* ASIAuthenticationDialog.m in Sources */ = {isa = PBXBuildFile; fileRef = 37206D6E157B55EA00860192 /* ASIAuthenticationDialog.m */; settings = {COMPILER_FLAGS = "-fno-objc-arc"; }; };
		37206D80157B55EA00860192 /* ASIInputStream.m in Sources */ = {isa = PBXBuildFile; fileRef = 37206D70157B55EA00860192 /* ASIInputStream.m */; settings = {COMPILER_FLAGS = "-fno-objc-arc"; }; };
		37206D81157B55EA00860192 /* ASIFormDataRequest.m in Sources */ = {isa = PBXBuildFile; fileRef = 37206D72157B55EA00860192 /* ASIFormDataRequest.m */; settings = {COMPILER_FLAGS = "-fno-objc-arc"; }; };
		37206D82157B55EA00860192 /* ASIHTTPRequest.m in Sources */ = {isa = PBXBuildFile; fileRef = 37206D74157B55EA00860192 /* ASIHTTPRequest.m */; settings = {COMPILER_FLAGS = "-fno-objc-arc"; }; };
		37206D83157B55EA00860192 /* ASINetworkQueue.m in Sources */ = {isa = PBXBuildFile; fileRef = 37206D76157B55EA00860192 /* ASINetworkQueue.m */; settings = {COMPILER_FLAGS = "-fno-objc-arc"; }; };
		37206D84157B55EA00860192 /* ASIDownloadCache.m in Sources */ = {isa = PBXBuildFile; fileRef = 37206D78157B55EA00860192 /* ASIDownloadCache.m */; settings = {COMPILER_FLAGS = "-fno-objc-arc"; }; };
		37206D85157B55EA00860192 /* ASIDataDecompressor.m in Sources */ = {isa = PBXBuildFile; fileRef = 37206D7A157B55EA00860192 /* ASIDataDecompressor.m */; settings = {COMPILER_FLAGS = "-fno-objc-arc"; }; };
		37206D86157B55EA00860192 /* ASIDataCompressor.m in Sources */ = {isa = PBXBuildFile; fileRef = 37206D7C157B55EA00860192 /* ASIDataCompressor.m */; settings = {COMPILER_FLAGS = "-fno-objc-arc"; }; };
		37206D87157B55EA00860192 /* ASIWebPageRequest.m in Sources */ = {isa = PBXBuildFile; fileRef = 37206D7E157B55EA00860192 /* ASIWebPageRequest.m */; settings = {COMPILER_FLAGS = "-fno-objc-arc"; }; };
		37206D8A157B579A00860192 /* CFNetwork.framework in Frameworks */ = {isa = PBXBuildFile; fileRef = 37206D89157B579A00860192 /* CFNetwork.framework */; };
		37206D8C157B57C600860192 /* MobileCoreServices.framework in Frameworks */ = {isa = PBXBuildFile; fileRef = 37206D8B157B57C600860192 /* MobileCoreServices.framework */; };
		37206D93157B5D9500860192 /* Settings.bundle in Resources */ = {isa = PBXBuildFile; fileRef = 37206D92157B5D9500860192 /* Settings.bundle */; };
		372116501558F28200BB587A /* back-dim.png in Resources */ = {isa = PBXBuildFile; fileRef = 3721163E1558F28200BB587A /* back-dim.png */; };
		372116511558F28200BB587A /* back-dim@2x.png in Resources */ = {isa = PBXBuildFile; fileRef = 3721163F1558F28200BB587A /* back-dim@2x.png */; };
		372116521558F28200BB587A /* bottombar.png in Resources */ = {isa = PBXBuildFile; fileRef = 372116401558F28200BB587A /* bottombar.png */; };
		372116531558F28200BB587A /* bottombar@2x.png in Resources */ = {isa = PBXBuildFile; fileRef = 372116411558F28200BB587A /* bottombar@2x.png */; };
		372116541558F28200BB587A /* contents.png in Resources */ = {isa = PBXBuildFile; fileRef = 372116421558F28200BB587A /* contents.png */; };
		372116551558F28200BB587A /* contents@2x.png in Resources */ = {isa = PBXBuildFile; fileRef = 372116431558F28200BB587A /* contents@2x.png */; };
		372116561558F28200BB587A /* export.png in Resources */ = {isa = PBXBuildFile; fileRef = 372116441558F28200BB587A /* export.png */; };
		372116571558F28200BB587A /* export@2x.png in Resources */ = {isa = PBXBuildFile; fileRef = 372116451558F28200BB587A /* export@2x.png */; };
		372116581558F28200BB587A /* forward-dim.png in Resources */ = {isa = PBXBuildFile; fileRef = 372116461558F28200BB587A /* forward-dim.png */; };
		372116591558F28200BB587A /* forward-dim@2x.png in Resources */ = {isa = PBXBuildFile; fileRef = 372116471558F28200BB587A /* forward-dim@2x.png */; };
		3721165A1558F28200BB587A /* history.png in Resources */ = {isa = PBXBuildFile; fileRef = 372116481558F28200BB587A /* history.png */; };
		3721165B1558F28200BB587A /* history@2x.png in Resources */ = {isa = PBXBuildFile; fileRef = 372116491558F28200BB587A /* history@2x.png */; };
		3721165C1558F28200BB587A /* saved.png in Resources */ = {isa = PBXBuildFile; fileRef = 3721164A1558F28200BB587A /* saved.png */; };
		3721165D1558F28200BB587A /* saved@2x.png in Resources */ = {isa = PBXBuildFile; fileRef = 3721164B1558F28200BB587A /* saved@2x.png */; };
		3721165E1558F28200BB587A /* search.png in Resources */ = {isa = PBXBuildFile; fileRef = 3721164C1558F28200BB587A /* search.png */; };
		3721165F1558F28200BB587A /* search@2x.png in Resources */ = {isa = PBXBuildFile; fileRef = 3721164D1558F28200BB587A /* search@2x.png */; };
		372116601558F28200BB587A /* topbar.png in Resources */ = {isa = PBXBuildFile; fileRef = 3721164E1558F28200BB587A /* topbar.png */; };
		372116611558F28200BB587A /* topbar@2x.png in Resources */ = {isa = PBXBuildFile; fileRef = 3721164F1558F28200BB587A /* topbar@2x.png */; };
		372116641558F2A200BB587A /* searchbar.png in Resources */ = {isa = PBXBuildFile; fileRef = 372116621558F2A200BB587A /* searchbar.png */; };
		372116651558F2A200BB587A /* searchbar@2x.png in Resources */ = {isa = PBXBuildFile; fileRef = 372116631558F2A200BB587A /* searchbar@2x.png */; };
		3721166A1558F2B000BB587A /* back.png in Resources */ = {isa = PBXBuildFile; fileRef = 372116661558F2B000BB587A /* back.png */; };
		3721166B1558F2B000BB587A /* back@2x.png in Resources */ = {isa = PBXBuildFile; fileRef = 372116671558F2B000BB587A /* back@2x.png */; };
		3721166C1558F2B000BB587A /* forward.png in Resources */ = {isa = PBXBuildFile; fileRef = 372116681558F2B000BB587A /* forward.png */; };
		3721166D1558F2B000BB587A /* forward@2x.png in Resources */ = {isa = PBXBuildFile; fileRef = 372116691558F2B000BB587A /* forward@2x.png */; };
		3725014A1578603A001C57CF /* GettingStartedViewController.m in Sources */ = {isa = PBXBuildFile; fileRef = 372501481578603A001C57CF /* GettingStartedViewController.m */; };
		3725014B1578603A001C57CF /* GettingStartedViewController.xib in Resources */ = {isa = PBXBuildFile; fileRef = 372501491578603A001C57CF /* GettingStartedViewController.xib */; };
		3725014E157860AD001C57CF /* GettingStartedViewController~iPad.xib in Resources */ = {isa = PBXBuildFile; fileRef = 3725014D157860AD001C57CF /* GettingStartedViewController~iPad.xib */; };
		372C81911543BF9500991587 /* HistoryViewController.m in Sources */ = {isa = PBXBuildFile; fileRef = 372C81901543BF9500991587 /* HistoryViewController.m */; };
		372C81961543CA0300991587 /* bg.png in Resources */ = {isa = PBXBuildFile; fileRef = 372C81951543CA0300991587 /* bg.png */; };
		3763C72E15313DFE00814E54 /* UIKit.framework in Frameworks */ = {isa = PBXBuildFile; fileRef = 3763C72D15313DFE00814E54 /* UIKit.framework */; };
		3763C73015313DFE00814E54 /* Foundation.framework in Frameworks */ = {isa = PBXBuildFile; fileRef = 3763C72F15313DFE00814E54 /* Foundation.framework */; };
		3763C73215313DFE00814E54 /* CoreGraphics.framework in Frameworks */ = {isa = PBXBuildFile; fileRef = 3763C73115313DFE00814E54 /* CoreGraphics.framework */; };
		3763C73815313DFE00814E54 /* InfoPlist.strings in Resources */ = {isa = PBXBuildFile; fileRef = 3763C73615313DFE00814E54 /* InfoPlist.strings */; };
		3763C73A15313DFE00814E54 /* main.m in Sources */ = {isa = PBXBuildFile; fileRef = 3763C73915313DFE00814E54 /* main.m */; };
		3763C73E15313DFE00814E54 /* AppDelegate.m in Sources */ = {isa = PBXBuildFile; fileRef = 3763C73D15313DFE00814E54 /* AppDelegate.m */; };
		3763C74115313DFE00814E54 /* MainStoryboard_iPhone.storyboard in Resources */ = {isa = PBXBuildFile; fileRef = 3763C73F15313DFE00814E54 /* MainStoryboard_iPhone.storyboard */; };
		3763C74415313DFE00814E54 /* MainStoryboard_iPad.storyboard in Resources */ = {isa = PBXBuildFile; fileRef = 3763C74215313DFE00814E54 /* MainStoryboard_iPad.storyboard */; };
		3763C74715313DFE00814E54 /* MasterViewController.m in Sources */ = {isa = PBXBuildFile; fileRef = 3763C74615313DFE00814E54 /* MasterViewController.m */; };
		3763C74A15313DFE00814E54 /* ArticleViewController.m in Sources */ = {isa = PBXBuildFile; fileRef = 3763C74915313DFE00814E54 /* ArticleViewController.m */; };
		3763C76F15314BB600814E54 /* SBJsonParser.m in Sources */ = {isa = PBXBuildFile; fileRef = 3763C75A15314BB600814E54 /* SBJsonParser.m */; settings = {COMPILER_FLAGS = "-fno-objc-arc"; }; };
		3763C77015314BB600814E54 /* SBJsonStreamParser.m in Sources */ = {isa = PBXBuildFile; fileRef = 3763C75C15314BB600814E54 /* SBJsonStreamParser.m */; settings = {COMPILER_FLAGS = "-fno-objc-arc"; }; };
		3763C77115314BB600814E54 /* SBJsonStreamParserAccumulator.m in Sources */ = {isa = PBXBuildFile; fileRef = 3763C75E15314BB600814E54 /* SBJsonStreamParserAccumulator.m */; settings = {COMPILER_FLAGS = "-fno-objc-arc"; }; };
		3763C77215314BB600814E54 /* SBJsonStreamParserAdapter.m in Sources */ = {isa = PBXBuildFile; fileRef = 3763C76015314BB600814E54 /* SBJsonStreamParserAdapter.m */; settings = {COMPILER_FLAGS = "-fno-objc-arc"; }; };
		3763C77315314BB600814E54 /* SBJsonStreamParserState.m in Sources */ = {isa = PBXBuildFile; fileRef = 3763C76215314BB600814E54 /* SBJsonStreamParserState.m */; settings = {COMPILER_FLAGS = "-fno-objc-arc"; }; };
		3763C77415314BB600814E54 /* SBJsonStreamWriter.m in Sources */ = {isa = PBXBuildFile; fileRef = 3763C76415314BB600814E54 /* SBJsonStreamWriter.m */; settings = {COMPILER_FLAGS = "-fno-objc-arc"; }; };
		3763C77515314BB600814E54 /* SBJsonStreamWriterAccumulator.m in Sources */ = {isa = PBXBuildFile; fileRef = 3763C76615314BB600814E54 /* SBJsonStreamWriterAccumulator.m */; settings = {COMPILER_FLAGS = "-fno-objc-arc"; }; };
		3763C77615314BB600814E54 /* SBJsonStreamWriterState.m in Sources */ = {isa = PBXBuildFile; fileRef = 3763C76815314BB600814E54 /* SBJsonStreamWriterState.m */; settings = {COMPILER_FLAGS = "-fno-objc-arc"; }; };
		3763C77715314BB600814E54 /* SBJsonTokeniser.m in Sources */ = {isa = PBXBuildFile; fileRef = 3763C76A15314BB600814E54 /* SBJsonTokeniser.m */; settings = {COMPILER_FLAGS = "-fno-objc-arc"; }; };
		3763C77815314BB600814E54 /* SBJsonUTF8Stream.m in Sources */ = {isa = PBXBuildFile; fileRef = 3763C76C15314BB600814E54 /* SBJsonUTF8Stream.m */; settings = {COMPILER_FLAGS = "-fno-objc-arc"; }; };
		3763C77915314BB600814E54 /* SBJsonWriter.m in Sources */ = {isa = PBXBuildFile; fileRef = 3763C76E15314BB600814E54 /* SBJsonWriter.m */; settings = {COMPILER_FLAGS = "-fno-objc-arc"; }; };
		3763C77A15314EBF00814E54 /* WikipediaHelper.m in Sources */ = {isa = PBXBuildFile; fileRef = 3763C75515314B3800814E54 /* WikipediaHelper.m */; };
		377F07501547B9FE008E8187 /* ImageScrollView.m in Sources */ = {isa = PBXBuildFile; fileRef = 377F074F1547B9FE008E8187 /* ImageScrollView.m */; };
		377FBA75155E47530052C8E1 /* Reachability.m in Sources */ = {isa = PBXBuildFile; fileRef = 377FBA74155E47530052C8E1 /* Reachability.m */; };
		377FBA7B155E49170052C8E1 /* SystemConfiguration.framework in Frameworks */ = {isa = PBXBuildFile; fileRef = 377FBA7A155E49170052C8E1 /* SystemConfiguration.framework */; };
		3782071E157C47D100943CD8 /* UINavigationBar+DropShadow.m in Sources */ = {isa = PBXBuildFile; fileRef = 3782071D157C47D100943CD8 /* UINavigationBar+DropShadow.m */; };
		37820729157C6FAD00943CD8 /* landing-image.png in Resources */ = {isa = PBXBuildFile; fileRef = 37820726157C6FAD00943CD8 /* landing-image.png */; };
		3782072A157C6FAD00943CD8 /* landing-image@2x.png in Resources */ = {isa = PBXBuildFile; fileRef = 37820727157C6FAD00943CD8 /* landing-image@2x.png */; };
		3782072B157C6FAD00943CD8 /* welcome.html in Resources */ = {isa = PBXBuildFile; fileRef = 37820728157C6FAD00943CD8 /* welcome.html */; };
		37820731157CA18500943CD8 /* Amplitude-Medium.ttf in Resources */ = {isa = PBXBuildFile; fileRef = 37820730157CA18500943CD8 /* Amplitude-Medium.ttf */; };
		37820732157CA49900943CD8 /* wizardry.js in Resources */ = {isa = PBXBuildFile; fileRef = 3782072C157C89DA00943CD8 /* wizardry.js */; };
		3787A6541575D4D400E2F796 /* back-pressed.png in Resources */ = {isa = PBXBuildFile; fileRef = 3787A6521575D4D400E2F796 /* back-pressed.png */; };
		3787A6551575D4D400E2F796 /* back-pressed@2x.png in Resources */ = {isa = PBXBuildFile; fileRef = 3787A6531575D4D400E2F796 /* back-pressed@2x.png */; };
		3787A6591575D4E400E2F796 /* export-pressed.png in Resources */ = {isa = PBXBuildFile; fileRef = 3787A6571575D4E400E2F796 /* export-pressed.png */; };
		3787A65A1575D4E400E2F796 /* export-pressed@2x.png in Resources */ = {isa = PBXBuildFile; fileRef = 3787A6581575D4E400E2F796 /* export-pressed@2x.png */; };
		3787A65D1575D6BE00E2F796 /* forward-pressed.png in Resources */ = {isa = PBXBuildFile; fileRef = 3787A65B1575D6BE00E2F796 /* forward-pressed.png */; };
		3787A65E1575D6BE00E2F796 /* forward-pressed@2x.png in Resources */ = {isa = PBXBuildFile; fileRef = 3787A65C1575D6BE00E2F796 /* forward-pressed@2x.png */; };
		3787A6611575D6CB00E2F796 /* history-pressed.png in Resources */ = {isa = PBXBuildFile; fileRef = 3787A65F1575D6CB00E2F796 /* history-pressed.png */; };
		3787A6621575D6CB00E2F796 /* history-pressed@2x.png in Resources */ = {isa = PBXBuildFile; fileRef = 3787A6601575D6CB00E2F796 /* history-pressed@2x.png */; };
		3787A6651575D6E000E2F796 /* saved-pressed.png in Resources */ = {isa = PBXBuildFile; fileRef = 3787A6631575D6E000E2F796 /* saved-pressed.png */; };
		3787A6661575D6E000E2F796 /* saved-pressed@2x.png in Resources */ = {isa = PBXBuildFile; fileRef = 3787A6641575D6E000E2F796 /* saved-pressed@2x.png */; };
		3787A6691575D6E700E2F796 /* search-pressed.png in Resources */ = {isa = PBXBuildFile; fileRef = 3787A6671575D6E700E2F796 /* search-pressed.png */; };
		3787A66A1575D6E700E2F796 /* search-pressed@2x.png in Resources */ = {isa = PBXBuildFile; fileRef = 3787A6681575D6E700E2F796 /* search-pressed@2x.png */; };
		3787A66D1575F51F00E2F796 /* jquery-1.7.2.min.js in Resources */ = {isa = PBXBuildFile; fileRef = 3787A66B1575F50700E2F796 /* jquery-1.7.2.min.js */; };
		3787D0C01541E9E60057446A /* TableOfContentsAnchor.m in Sources */ = {isa = PBXBuildFile; fileRef = 3787D0BF1541E9E60057446A /* TableOfContentsAnchor.m */; };
		3787D0C11541F2620057446A /* HTMLNode.m in Sources */ = {isa = PBXBuildFile; fileRef = 371488E01541442F00BE1E4E /* HTMLNode.m */; settings = {COMPILER_FLAGS = "-fno-objc-arc"; }; };
		3787D0C21541F2650057446A /* HTMLParser.m in Sources */ = {isa = PBXBuildFile; fileRef = 371488E21541442F00BE1E4E /* HTMLParser.m */; settings = {COMPILER_FLAGS = "-fno-objc-arc"; }; };
		378D68DD1564958500336BD0 /* SuggestionController.m in Sources */ = {isa = PBXBuildFile; fileRef = 378D68DC1564958500336BD0 /* SuggestionController.m */; };
		379DE82315564B6D00688A78 /* progress-bar-background.png in Resources */ = {isa = PBXBuildFile; fileRef = 379DE81F15564B6D00688A78 /* progress-bar-background.png */; };
		379DE82415564B6D00688A78 /* progress-bar-background@2x.png in Resources */ = {isa = PBXBuildFile; fileRef = 379DE82015564B6D00688A78 /* progress-bar-background@2x.png */; };
		379DE82515564B6D00688A78 /* progress-bar-fill.png in Resources */ = {isa = PBXBuildFile; fileRef = 379DE82115564B6D00688A78 /* progress-bar-fill.png */; };
		379DE82615564B6D00688A78 /* progress-bar-fill@2x.png in Resources */ = {isa = PBXBuildFile; fileRef = 379DE82215564B6D00688A78 /* progress-bar-fill@2x.png */; };
		37A6598215546E810030EF77 /* UIDownloadBar.m in Sources */ = {isa = PBXBuildFile; fileRef = 37A6598115546E810030EF77 /* UIDownloadBar.m */; settings = {COMPILER_FLAGS = "-fno-objc-arc"; }; };
		37A7821E1544B6BC00390CEF /* linen_bg@2x.png in Resources */ = {isa = PBXBuildFile; fileRef = 37A7821D1544B6BC00390CEF /* linen_bg@2x.png */; };
		37A7823C1544C81D00390CEF /* Icon-72.png in Resources */ = {isa = PBXBuildFile; fileRef = 37A782341544C81A00390CEF /* Icon-72.png */; };
		37A7823D1544C81D00390CEF /* Icon-72@2x.png in Resources */ = {isa = PBXBuildFile; fileRef = 37A782351544C81A00390CEF /* Icon-72@2x.png */; };
		37A7823E1544C81D00390CEF /* Icon-Small-50.png in Resources */ = {isa = PBXBuildFile; fileRef = 37A782361544C81B00390CEF /* Icon-Small-50.png */; };
		37A7823F1544C81D00390CEF /* Icon-Small-50@2x.png in Resources */ = {isa = PBXBuildFile; fileRef = 37A782371544C81B00390CEF /* Icon-Small-50@2x.png */; };
		37A782401544C81D00390CEF /* Icon-Small.png in Resources */ = {isa = PBXBuildFile; fileRef = 37A782381544C81C00390CEF /* Icon-Small.png */; };
		37A782411544C81D00390CEF /* Icon-Small@2x.png in Resources */ = {isa = PBXBuildFile; fileRef = 37A782391544C81C00390CEF /* Icon-Small@2x.png */; };
		37A782421544C81D00390CEF /* Icon.png in Resources */ = {isa = PBXBuildFile; fileRef = 37A7823A1544C81C00390CEF /* Icon.png */; };
		37A782431544C81D00390CEF /* Icon@2x.png in Resources */ = {isa = PBXBuildFile; fileRef = 37A7823B1544C81D00390CEF /* Icon@2x.png */; };
		37A782451544D1A600390CEF /* libTestFlight.a in Frameworks */ = {isa = PBXBuildFile; fileRef = 37A782441544D1A600390CEF /* libTestFlight.a */; };
		37A782471544D1DE00390CEF /* libz.dylib in Frameworks */ = {isa = PBXBuildFile; fileRef = 37A782461544D1DD00390CEF /* libz.dylib */; };
		37A782531544E98C00390CEF /* QuartzCore.framework in Frameworks */ = {isa = PBXBuildFile; fileRef = 37A782521544E98C00390CEF /* QuartzCore.framework */; };
		37A7826F15454FC700390CEF /* HistoryItem.m in Sources */ = {isa = PBXBuildFile; fileRef = 37A7826E15454FC700390CEF /* HistoryItem.m */; };
		37AC6150154F5FEE00694BF8 /* Twitter.framework in Frameworks */ = {isa = PBXBuildFile; fileRef = 37AC614F154F5FEE00694BF8 /* Twitter.framework */; };
		37AC6161154F652500694BF8 /* MessageUI.framework in Frameworks */ = {isa = PBXBuildFile; fileRef = 37AC6160154F652500694BF8 /* MessageUI.framework */; };
		37ACB5D7155DFE3000C98092 /* ImageViewController.m in Sources */ = {isa = PBXBuildFile; fileRef = 37ACB5D6155DFE3000C98092 /* ImageViewController.m */; };
		37B166BA1566FF0D009DE159 /* SidebarViewController.m in Sources */ = {isa = PBXBuildFile; fileRef = 37B166B91566FF0D009DE159 /* SidebarViewController.m */; };
		37B166BE1566FF5B009DE159 /* ContentsController.m in Sources */ = {isa = PBXBuildFile; fileRef = 37B166BD1566FF5B009DE159 /* ContentsController.m */; };
		37B166D0156827FB009DE159 /* sidebar-linen.png in Resources */ = {isa = PBXBuildFile; fileRef = 37B166CE156827FB009DE159 /* sidebar-linen.png */; };
		37B166D1156827FB009DE159 /* sidebar-linen@2x.png in Resources */ = {isa = PBXBuildFile; fileRef = 37B166CF156827FB009DE159 /* sidebar-linen@2x.png */; };
		37B166D415682936009DE159 /* contents-title.png in Resources */ = {isa = PBXBuildFile; fileRef = 37B166D215682936009DE159 /* contents-title.png */; };
		37B166D515682936009DE159 /* contents-title@2x.png in Resources */ = {isa = PBXBuildFile; fileRef = 37B166D315682936009DE159 /* contents-title@2x.png */; };
		37DB3FED153D06B500C3C243 /* style.css in Resources */ = {isa = PBXBuildFile; fileRef = 37DB3FEC153D06B500C3C243 /* style.css */; };
		37F09947154D2F8F008D778F /* Localizable.strings in Resources */ = {isa = PBXBuildFile; fileRef = 37F09945154D2F8F008D778F /* Localizable.strings */; };
		37F09949154D2FB4008D778F /* Amplitude-Book.ttf in Resources */ = {isa = PBXBuildFile; fileRef = 37A7821A154490E800390CEF /* Amplitude-Book.ttf */; };
/* End PBXBuildFile section */

/* Begin PBXFileReference section */
		370AEACA1579D3AB0095F510 /* CoreData.framework */ = {isa = PBXFileReference; lastKnownFileType = wrapper.framework; name = CoreData.framework; path = System/Library/Frameworks/CoreData.framework; sourceTree = SDKROOT; };
		370AEAD31579D8EA0095F510 /* History.xcdatamodel */ = {isa = PBXFileReference; lastKnownFileType = wrapper.xcdatamodel; path = History.xcdatamodel; sourceTree = "<group>"; };
		371488DF1541442F00BE1E4E /* HTMLNode.h */ = {isa = PBXFileReference; lastKnownFileType = sourcecode.c.h; path = HTMLNode.h; sourceTree = "<group>"; };
		371488E01541442F00BE1E4E /* HTMLNode.m */ = {isa = PBXFileReference; lastKnownFileType = sourcecode.c.objc; path = HTMLNode.m; sourceTree = "<group>"; };
		371488E11541442F00BE1E4E /* HTMLParser.h */ = {isa = PBXFileReference; lastKnownFileType = sourcecode.c.h; path = HTMLParser.h; sourceTree = "<group>"; };
		371488E21541442F00BE1E4E /* HTMLParser.m */ = {isa = PBXFileReference; lastKnownFileType = sourcecode.c.objc; path = HTMLParser.m; sourceTree = "<group>"; };
		371488E41541445E00BE1E4E /* libxml2.dylib */ = {isa = PBXFileReference; lastKnownFileType = "compiled.mach-o.dylib"; name = libxml2.dylib; path = usr/lib/libxml2.dylib; sourceTree = SDKROOT; };
		37197FA0155CCDBE00BCCA06 /* bottombar@2x~ipad.png */ = {isa = PBXFileReference; lastKnownFileType = image.png; path = "bottombar@2x~ipad.png"; sourceTree = "<group>"; };
		37197FA1155CCDBE00BCCA06 /* bottombar~ipad.png */ = {isa = PBXFileReference; lastKnownFileType = image.png; path = "bottombar~ipad.png"; sourceTree = "<group>"; };
		37206D69157B55EA00860192 /* ASIHTTPRequestConfig.h */ = {isa = PBXFileReference; fileEncoding = 4; lastKnownFileType = sourcecode.c.h; path = ASIHTTPRequestConfig.h; sourceTree = "<group>"; };
		37206D6A157B55EA00860192 /* ASICacheDelegate.h */ = {isa = PBXFileReference; fileEncoding = 4; lastKnownFileType = sourcecode.c.h; path = ASICacheDelegate.h; sourceTree = "<group>"; };
		37206D6B157B55EA00860192 /* ASIHTTPRequestDelegate.h */ = {isa = PBXFileReference; fileEncoding = 4; lastKnownFileType = sourcecode.c.h; path = ASIHTTPRequestDelegate.h; sourceTree = "<group>"; };
		37206D6C157B55EA00860192 /* ASIProgressDelegate.h */ = {isa = PBXFileReference; fileEncoding = 4; lastKnownFileType = sourcecode.c.h; path = ASIProgressDelegate.h; sourceTree = "<group>"; };
		37206D6D157B55EA00860192 /* ASIAuthenticationDialog.h */ = {isa = PBXFileReference; fileEncoding = 4; lastKnownFileType = sourcecode.c.h; path = ASIAuthenticationDialog.h; sourceTree = "<group>"; };
		37206D6E157B55EA00860192 /* ASIAuthenticationDialog.m */ = {isa = PBXFileReference; fileEncoding = 4; lastKnownFileType = sourcecode.c.objc; path = ASIAuthenticationDialog.m; sourceTree = "<group>"; };
		37206D6F157B55EA00860192 /* ASIInputStream.h */ = {isa = PBXFileReference; fileEncoding = 4; lastKnownFileType = sourcecode.c.h; path = ASIInputStream.h; sourceTree = "<group>"; };
		37206D70157B55EA00860192 /* ASIInputStream.m */ = {isa = PBXFileReference; fileEncoding = 4; lastKnownFileType = sourcecode.c.objc; path = ASIInputStream.m; sourceTree = "<group>"; };
		37206D71157B55EA00860192 /* ASIFormDataRequest.h */ = {isa = PBXFileReference; fileEncoding = 4; lastKnownFileType = sourcecode.c.h; path = ASIFormDataRequest.h; sourceTree = "<group>"; };
		37206D72157B55EA00860192 /* ASIFormDataRequest.m */ = {isa = PBXFileReference; fileEncoding = 4; lastKnownFileType = sourcecode.c.objc; path = ASIFormDataRequest.m; sourceTree = "<group>"; };
		37206D73157B55EA00860192 /* ASIHTTPRequest.h */ = {isa = PBXFileReference; fileEncoding = 4; lastKnownFileType = sourcecode.c.h; path = ASIHTTPRequest.h; sourceTree = "<group>"; };
		37206D74157B55EA00860192 /* ASIHTTPRequest.m */ = {isa = PBXFileReference; fileEncoding = 4; lastKnownFileType = sourcecode.c.objc; path = ASIHTTPRequest.m; sourceTree = "<group>"; };
		37206D75157B55EA00860192 /* ASINetworkQueue.h */ = {isa = PBXFileReference; fileEncoding = 4; lastKnownFileType = sourcecode.c.h; path = ASINetworkQueue.h; sourceTree = "<group>"; };
		37206D76157B55EA00860192 /* ASINetworkQueue.m */ = {isa = PBXFileReference; fileEncoding = 4; lastKnownFileType = sourcecode.c.objc; path = ASINetworkQueue.m; sourceTree = "<group>"; };
		37206D77157B55EA00860192 /* ASIDownloadCache.h */ = {isa = PBXFileReference; fileEncoding = 4; lastKnownFileType = sourcecode.c.h; path = ASIDownloadCache.h; sourceTree = "<group>"; };
		37206D78157B55EA00860192 /* ASIDownloadCache.m */ = {isa = PBXFileReference; fileEncoding = 4; lastKnownFileType = sourcecode.c.objc; path = ASIDownloadCache.m; sourceTree = "<group>"; };
		37206D79157B55EA00860192 /* ASIDataDecompressor.h */ = {isa = PBXFileReference; fileEncoding = 4; lastKnownFileType = sourcecode.c.h; path = ASIDataDecompressor.h; sourceTree = "<group>"; };
		37206D7A157B55EA00860192 /* ASIDataDecompressor.m */ = {isa = PBXFileReference; fileEncoding = 4; lastKnownFileType = sourcecode.c.objc; path = ASIDataDecompressor.m; sourceTree = "<group>"; };
		37206D7B157B55EA00860192 /* ASIDataCompressor.h */ = {isa = PBXFileReference; fileEncoding = 4; lastKnownFileType = sourcecode.c.h; path = ASIDataCompressor.h; sourceTree = "<group>"; };
		37206D7C157B55EA00860192 /* ASIDataCompressor.m */ = {isa = PBXFileReference; fileEncoding = 4; lastKnownFileType = sourcecode.c.objc; path = ASIDataCompressor.m; sourceTree = "<group>"; };
		37206D7D157B55EA00860192 /* ASIWebPageRequest.h */ = {isa = PBXFileReference; fileEncoding = 4; lastKnownFileType = sourcecode.c.h; path = ASIWebPageRequest.h; sourceTree = "<group>"; };
		37206D7E157B55EA00860192 /* ASIWebPageRequest.m */ = {isa = PBXFileReference; fileEncoding = 4; lastKnownFileType = sourcecode.c.objc; path = ASIWebPageRequest.m; sourceTree = "<group>"; };
		37206D89157B579A00860192 /* CFNetwork.framework */ = {isa = PBXFileReference; lastKnownFileType = wrapper.framework; name = CFNetwork.framework; path = System/Library/Frameworks/CFNetwork.framework; sourceTree = SDKROOT; };
		37206D8B157B57C600860192 /* MobileCoreServices.framework */ = {isa = PBXFileReference; lastKnownFileType = wrapper.framework; name = MobileCoreServices.framework; path = System/Library/Frameworks/MobileCoreServices.framework; sourceTree = SDKROOT; };
		37206D92157B5D9500860192 /* Settings.bundle */ = {isa = PBXFileReference; lastKnownFileType = "wrapper.plug-in"; path = Settings.bundle; sourceTree = "<group>"; };
		3721163E1558F28200BB587A /* back-dim.png */ = {isa = PBXFileReference; lastKnownFileType = image.png; path = "back-dim.png"; sourceTree = "<group>"; };
		3721163F1558F28200BB587A /* back-dim@2x.png */ = {isa = PBXFileReference; lastKnownFileType = image.png; path = "back-dim@2x.png"; sourceTree = "<group>"; };
		372116401558F28200BB587A /* bottombar.png */ = {isa = PBXFileReference; lastKnownFileType = image.png; path = bottombar.png; sourceTree = "<group>"; };
		372116411558F28200BB587A /* bottombar@2x.png */ = {isa = PBXFileReference; lastKnownFileType = image.png; path = "bottombar@2x.png"; sourceTree = "<group>"; };
		372116421558F28200BB587A /* contents.png */ = {isa = PBXFileReference; lastKnownFileType = image.png; path = contents.png; sourceTree = "<group>"; };
		372116431558F28200BB587A /* contents@2x.png */ = {isa = PBXFileReference; lastKnownFileType = image.png; path = "contents@2x.png"; sourceTree = "<group>"; };
		372116441558F28200BB587A /* export.png */ = {isa = PBXFileReference; lastKnownFileType = image.png; path = export.png; sourceTree = "<group>"; };
		372116451558F28200BB587A /* export@2x.png */ = {isa = PBXFileReference; lastKnownFileType = image.png; path = "export@2x.png"; sourceTree = "<group>"; };
		372116461558F28200BB587A /* forward-dim.png */ = {isa = PBXFileReference; lastKnownFileType = image.png; path = "forward-dim.png"; sourceTree = "<group>"; };
		372116471558F28200BB587A /* forward-dim@2x.png */ = {isa = PBXFileReference; lastKnownFileType = image.png; path = "forward-dim@2x.png"; sourceTree = "<group>"; };
		372116481558F28200BB587A /* history.png */ = {isa = PBXFileReference; lastKnownFileType = image.png; path = history.png; sourceTree = "<group>"; };
		372116491558F28200BB587A /* history@2x.png */ = {isa = PBXFileReference; lastKnownFileType = image.png; path = "history@2x.png"; sourceTree = "<group>"; };
		3721164A1558F28200BB587A /* saved.png */ = {isa = PBXFileReference; lastKnownFileType = image.png; path = saved.png; sourceTree = "<group>"; };
		3721164B1558F28200BB587A /* saved@2x.png */ = {isa = PBXFileReference; lastKnownFileType = image.png; path = "saved@2x.png"; sourceTree = "<group>"; };
		3721164C1558F28200BB587A /* search.png */ = {isa = PBXFileReference; lastKnownFileType = image.png; path = search.png; sourceTree = "<group>"; };
		3721164D1558F28200BB587A /* search@2x.png */ = {isa = PBXFileReference; lastKnownFileType = image.png; path = "search@2x.png"; sourceTree = "<group>"; };
		3721164E1558F28200BB587A /* topbar.png */ = {isa = PBXFileReference; lastKnownFileType = image.png; path = topbar.png; sourceTree = "<group>"; };
		3721164F1558F28200BB587A /* topbar@2x.png */ = {isa = PBXFileReference; lastKnownFileType = image.png; path = "topbar@2x.png"; sourceTree = "<group>"; };
		372116621558F2A200BB587A /* searchbar.png */ = {isa = PBXFileReference; lastKnownFileType = image.png; path = searchbar.png; sourceTree = "<group>"; };
		372116631558F2A200BB587A /* searchbar@2x.png */ = {isa = PBXFileReference; lastKnownFileType = image.png; path = "searchbar@2x.png"; sourceTree = "<group>"; };
		372116661558F2B000BB587A /* back.png */ = {isa = PBXFileReference; lastKnownFileType = image.png; path = back.png; sourceTree = "<group>"; };
		372116671558F2B000BB587A /* back@2x.png */ = {isa = PBXFileReference; lastKnownFileType = image.png; path = "back@2x.png"; sourceTree = "<group>"; };
		372116681558F2B000BB587A /* forward.png */ = {isa = PBXFileReference; lastKnownFileType = image.png; path = forward.png; sourceTree = "<group>"; };
		372116691558F2B000BB587A /* forward@2x.png */ = {isa = PBXFileReference; lastKnownFileType = image.png; path = "forward@2x.png"; sourceTree = "<group>"; };
		372501471578603A001C57CF /* GettingStartedViewController.h */ = {isa = PBXFileReference; fileEncoding = 4; lastKnownFileType = sourcecode.c.h; path = GettingStartedViewController.h; sourceTree = "<group>"; };
		372501481578603A001C57CF /* GettingStartedViewController.m */ = {isa = PBXFileReference; fileEncoding = 4; lastKnownFileType = sourcecode.c.objc; path = GettingStartedViewController.m; sourceTree = "<group>"; };
		372501491578603A001C57CF /* GettingStartedViewController.xib */ = {isa = PBXFileReference; fileEncoding = 4; lastKnownFileType = file.xib; path = GettingStartedViewController.xib; sourceTree = "<group>"; };
		3725014D157860AD001C57CF /* GettingStartedViewController~iPad.xib */ = {isa = PBXFileReference; fileEncoding = 4; lastKnownFileType = file.xib; path = "GettingStartedViewController~iPad.xib"; sourceTree = "<group>"; };
		3728575515466E2700EF076C /* Pedia.entitlements */ = {isa = PBXFileReference; lastKnownFileType = text.xml; path = Pedia.entitlements; sourceTree = "<group>"; };
		372C818F1543BF9500991587 /* HistoryViewController.h */ = {isa = PBXFileReference; fileEncoding = 4; lastKnownFileType = sourcecode.c.h; path = HistoryViewController.h; sourceTree = "<group>"; };
		372C81901543BF9500991587 /* HistoryViewController.m */ = {isa = PBXFileReference; fileEncoding = 4; lastKnownFileType = sourcecode.c.objc; path = HistoryViewController.m; sourceTree = "<group>"; };
		372C81951543CA0300991587 /* bg.png */ = {isa = PBXFileReference; lastKnownFileType = image.png; path = bg.png; sourceTree = "<group>"; };
		3763C72915313DFE00814E54 /* Pedia.app */ = {isa = PBXFileReference; explicitFileType = wrapper.application; includeInIndex = 0; path = Pedia.app; sourceTree = BUILT_PRODUCTS_DIR; };
		3763C72D15313DFE00814E54 /* UIKit.framework */ = {isa = PBXFileReference; lastKnownFileType = wrapper.framework; name = UIKit.framework; path = System/Library/Frameworks/UIKit.framework; sourceTree = SDKROOT; };
		3763C72F15313DFE00814E54 /* Foundation.framework */ = {isa = PBXFileReference; lastKnownFileType = wrapper.framework; name = Foundation.framework; path = System/Library/Frameworks/Foundation.framework; sourceTree = SDKROOT; };
		3763C73115313DFE00814E54 /* CoreGraphics.framework */ = {isa = PBXFileReference; lastKnownFileType = wrapper.framework; name = CoreGraphics.framework; path = System/Library/Frameworks/CoreGraphics.framework; sourceTree = SDKROOT; };
		3763C73515313DFE00814E54 /* Pedia-Info.plist */ = {isa = PBXFileReference; lastKnownFileType = text.plist.xml; path = "Pedia-Info.plist"; sourceTree = "<group>"; };
		3763C73715313DFE00814E54 /* en */ = {isa = PBXFileReference; lastKnownFileType = text.plist.strings; name = en; path = en.lproj/InfoPlist.strings; sourceTree = "<group>"; };
		3763C73915313DFE00814E54 /* main.m */ = {isa = PBXFileReference; lastKnownFileType = sourcecode.c.objc; path = main.m; sourceTree = "<group>"; };
		3763C73B15313DFE00814E54 /* Pedia-Prefix.pch */ = {isa = PBXFileReference; lastKnownFileType = sourcecode.c.h; path = "Pedia-Prefix.pch"; sourceTree = "<group>"; };
		3763C73C15313DFE00814E54 /* AppDelegate.h */ = {isa = PBXFileReference; lastKnownFileType = sourcecode.c.h; path = AppDelegate.h; sourceTree = "<group>"; };
		3763C73D15313DFE00814E54 /* AppDelegate.m */ = {isa = PBXFileReference; lastKnownFileType = sourcecode.c.objc; path = AppDelegate.m; sourceTree = "<group>"; };
		3763C74015313DFE00814E54 /* en */ = {isa = PBXFileReference; lastKnownFileType = file.storyboard; name = en; path = en.lproj/MainStoryboard_iPhone.storyboard; sourceTree = "<group>"; };
		3763C74315313DFE00814E54 /* en */ = {isa = PBXFileReference; lastKnownFileType = file.storyboard; name = en; path = en.lproj/MainStoryboard_iPad.storyboard; sourceTree = "<group>"; };
		3763C74515313DFE00814E54 /* MasterViewController.h */ = {isa = PBXFileReference; lastKnownFileType = sourcecode.c.h; path = MasterViewController.h; sourceTree = "<group>"; };
		3763C74615313DFE00814E54 /* MasterViewController.m */ = {isa = PBXFileReference; lastKnownFileType = sourcecode.c.objc; path = MasterViewController.m; sourceTree = "<group>"; };
		3763C74815313DFE00814E54 /* ArticleViewController.h */ = {isa = PBXFileReference; lastKnownFileType = sourcecode.c.h; path = ArticleViewController.h; sourceTree = "<group>"; };
		3763C74915313DFE00814E54 /* ArticleViewController.m */ = {isa = PBXFileReference; lastKnownFileType = sourcecode.c.objc; path = ArticleViewController.m; sourceTree = "<group>"; };
		3763C75415314B3800814E54 /* WikipediaHelper.h */ = {isa = PBXFileReference; lastKnownFileType = sourcecode.c.h; path = WikipediaHelper.h; sourceTree = "<group>"; };
		3763C75515314B3800814E54 /* WikipediaHelper.m */ = {isa = PBXFileReference; lastKnownFileType = sourcecode.c.objc; path = WikipediaHelper.m; sourceTree = "<group>"; };
		3763C75815314BB600814E54 /* SBJson.h */ = {isa = PBXFileReference; fileEncoding = 4; lastKnownFileType = sourcecode.c.h; path = SBJson.h; sourceTree = "<group>"; };
		3763C75915314BB600814E54 /* SBJsonParser.h */ = {isa = PBXFileReference; fileEncoding = 4; lastKnownFileType = sourcecode.c.h; path = SBJsonParser.h; sourceTree = "<group>"; };
		3763C75A15314BB600814E54 /* SBJsonParser.m */ = {isa = PBXFileReference; fileEncoding = 4; lastKnownFileType = sourcecode.c.objc; path = SBJsonParser.m; sourceTree = "<group>"; };
		3763C75B15314BB600814E54 /* SBJsonStreamParser.h */ = {isa = PBXFileReference; fileEncoding = 4; lastKnownFileType = sourcecode.c.h; path = SBJsonStreamParser.h; sourceTree = "<group>"; };
		3763C75C15314BB600814E54 /* SBJsonStreamParser.m */ = {isa = PBXFileReference; fileEncoding = 4; lastKnownFileType = sourcecode.c.objc; path = SBJsonStreamParser.m; sourceTree = "<group>"; };
		3763C75D15314BB600814E54 /* SBJsonStreamParserAccumulator.h */ = {isa = PBXFileReference; fileEncoding = 4; lastKnownFileType = sourcecode.c.h; path = SBJsonStreamParserAccumulator.h; sourceTree = "<group>"; };
		3763C75E15314BB600814E54 /* SBJsonStreamParserAccumulator.m */ = {isa = PBXFileReference; fileEncoding = 4; lastKnownFileType = sourcecode.c.objc; path = SBJsonStreamParserAccumulator.m; sourceTree = "<group>"; };
		3763C75F15314BB600814E54 /* SBJsonStreamParserAdapter.h */ = {isa = PBXFileReference; fileEncoding = 4; lastKnownFileType = sourcecode.c.h; path = SBJsonStreamParserAdapter.h; sourceTree = "<group>"; };
		3763C76015314BB600814E54 /* SBJsonStreamParserAdapter.m */ = {isa = PBXFileReference; fileEncoding = 4; lastKnownFileType = sourcecode.c.objc; path = SBJsonStreamParserAdapter.m; sourceTree = "<group>"; };
		3763C76115314BB600814E54 /* SBJsonStreamParserState.h */ = {isa = PBXFileReference; fileEncoding = 4; lastKnownFileType = sourcecode.c.h; path = SBJsonStreamParserState.h; sourceTree = "<group>"; };
		3763C76215314BB600814E54 /* SBJsonStreamParserState.m */ = {isa = PBXFileReference; fileEncoding = 4; lastKnownFileType = sourcecode.c.objc; path = SBJsonStreamParserState.m; sourceTree = "<group>"; };
		3763C76315314BB600814E54 /* SBJsonStreamWriter.h */ = {isa = PBXFileReference; fileEncoding = 4; lastKnownFileType = sourcecode.c.h; path = SBJsonStreamWriter.h; sourceTree = "<group>"; };
		3763C76415314BB600814E54 /* SBJsonStreamWriter.m */ = {isa = PBXFileReference; fileEncoding = 4; lastKnownFileType = sourcecode.c.objc; path = SBJsonStreamWriter.m; sourceTree = "<group>"; };
		3763C76515314BB600814E54 /* SBJsonStreamWriterAccumulator.h */ = {isa = PBXFileReference; fileEncoding = 4; lastKnownFileType = sourcecode.c.h; path = SBJsonStreamWriterAccumulator.h; sourceTree = "<group>"; };
		3763C76615314BB600814E54 /* SBJsonStreamWriterAccumulator.m */ = {isa = PBXFileReference; fileEncoding = 4; lastKnownFileType = sourcecode.c.objc; path = SBJsonStreamWriterAccumulator.m; sourceTree = "<group>"; };
		3763C76715314BB600814E54 /* SBJsonStreamWriterState.h */ = {isa = PBXFileReference; fileEncoding = 4; lastKnownFileType = sourcecode.c.h; path = SBJsonStreamWriterState.h; sourceTree = "<group>"; };
		3763C76815314BB600814E54 /* SBJsonStreamWriterState.m */ = {isa = PBXFileReference; fileEncoding = 4; lastKnownFileType = sourcecode.c.objc; path = SBJsonStreamWriterState.m; sourceTree = "<group>"; };
		3763C76915314BB600814E54 /* SBJsonTokeniser.h */ = {isa = PBXFileReference; fileEncoding = 4; lastKnownFileType = sourcecode.c.h; path = SBJsonTokeniser.h; sourceTree = "<group>"; };
		3763C76A15314BB600814E54 /* SBJsonTokeniser.m */ = {isa = PBXFileReference; fileEncoding = 4; lastKnownFileType = sourcecode.c.objc; path = SBJsonTokeniser.m; sourceTree = "<group>"; };
		3763C76B15314BB600814E54 /* SBJsonUTF8Stream.h */ = {isa = PBXFileReference; fileEncoding = 4; lastKnownFileType = sourcecode.c.h; path = SBJsonUTF8Stream.h; sourceTree = "<group>"; };
		3763C76C15314BB600814E54 /* SBJsonUTF8Stream.m */ = {isa = PBXFileReference; fileEncoding = 4; lastKnownFileType = sourcecode.c.objc; path = SBJsonUTF8Stream.m; sourceTree = "<group>"; };
		3763C76D15314BB600814E54 /* SBJsonWriter.h */ = {isa = PBXFileReference; fileEncoding = 4; lastKnownFileType = sourcecode.c.h; path = SBJsonWriter.h; sourceTree = "<group>"; };
		3763C76E15314BB600814E54 /* SBJsonWriter.m */ = {isa = PBXFileReference; fileEncoding = 4; lastKnownFileType = sourcecode.c.objc; path = SBJsonWriter.m; sourceTree = "<group>"; };
		377F074E1547B9FE008E8187 /* ImageScrollView.h */ = {isa = PBXFileReference; fileEncoding = 4; lastKnownFileType = sourcecode.c.h; path = ImageScrollView.h; sourceTree = "<group>"; };
		377F074F1547B9FE008E8187 /* ImageScrollView.m */ = {isa = PBXFileReference; fileEncoding = 4; lastKnownFileType = sourcecode.c.objc; path = ImageScrollView.m; sourceTree = "<group>"; };
		377FBA73155E47530052C8E1 /* Reachability.h */ = {isa = PBXFileReference; fileEncoding = 4; lastKnownFileType = sourcecode.c.h; path = Reachability.h; sourceTree = "<group>"; };
		377FBA74155E47530052C8E1 /* Reachability.m */ = {isa = PBXFileReference; fileEncoding = 4; lastKnownFileType = sourcecode.c.objc; path = Reachability.m; sourceTree = "<group>"; };
		377FBA7A155E49170052C8E1 /* SystemConfiguration.framework */ = {isa = PBXFileReference; lastKnownFileType = wrapper.framework; name = SystemConfiguration.framework; path = System/Library/Frameworks/SystemConfiguration.framework; sourceTree = SDKROOT; };
		3782071C157C47D100943CD8 /* UINavigationBar+DropShadow.h */ = {isa = PBXFileReference; fileEncoding = 4; lastKnownFileType = sourcecode.c.h; path = "UINavigationBar+DropShadow.h"; sourceTree = "<group>"; };
		3782071D157C47D100943CD8 /* UINavigationBar+DropShadow.m */ = {isa = PBXFileReference; fileEncoding = 4; lastKnownFileType = sourcecode.c.objc; path = "UINavigationBar+DropShadow.m"; sourceTree = "<group>"; };
		37820726157C6FAD00943CD8 /* landing-image.png */ = {isa = PBXFileReference; lastKnownFileType = image.png; path = "landing-image.png"; sourceTree = "<group>"; };
		37820727157C6FAD00943CD8 /* landing-image@2x.png */ = {isa = PBXFileReference; lastKnownFileType = image.png; path = "landing-image@2x.png"; sourceTree = "<group>"; };
		37820728157C6FAD00943CD8 /* welcome.html */ = {isa = PBXFileReference; fileEncoding = 4; lastKnownFileType = text.html; path = welcome.html; sourceTree = "<group>"; };
		3782072C157C89DA00943CD8 /* wizardry.js */ = {isa = PBXFileReference; fileEncoding = 4; lastKnownFileType = sourcecode.javascript; path = wizardry.js; sourceTree = "<group>"; };
		37820730157CA18500943CD8 /* Amplitude-Medium.ttf */ = {isa = PBXFileReference; lastKnownFileType = file; path = "Amplitude-Medium.ttf"; sourceTree = "<group>"; };
		3787A6521575D4D400E2F796 /* back-pressed.png */ = {isa = PBXFileReference; lastKnownFileType = image.png; path = "back-pressed.png"; sourceTree = "<group>"; };
		3787A6531575D4D400E2F796 /* back-pressed@2x.png */ = {isa = PBXFileReference; lastKnownFileType = image.png; path = "back-pressed@2x.png"; sourceTree = "<group>"; };
		3787A6571575D4E400E2F796 /* export-pressed.png */ = {isa = PBXFileReference; lastKnownFileType = image.png; path = "export-pressed.png"; sourceTree = "<group>"; };
		3787A6581575D4E400E2F796 /* export-pressed@2x.png */ = {isa = PBXFileReference; lastKnownFileType = image.png; path = "export-pressed@2x.png"; sourceTree = "<group>"; };
		3787A65B1575D6BE00E2F796 /* forward-pressed.png */ = {isa = PBXFileReference; lastKnownFileType = image.png; path = "forward-pressed.png"; sourceTree = "<group>"; };
		3787A65C1575D6BE00E2F796 /* forward-pressed@2x.png */ = {isa = PBXFileReference; lastKnownFileType = image.png; path = "forward-pressed@2x.png"; sourceTree = "<group>"; };
		3787A65F1575D6CB00E2F796 /* history-pressed.png */ = {isa = PBXFileReference; lastKnownFileType = image.png; path = "history-pressed.png"; sourceTree = "<group>"; };
		3787A6601575D6CB00E2F796 /* history-pressed@2x.png */ = {isa = PBXFileReference; lastKnownFileType = image.png; path = "history-pressed@2x.png"; sourceTree = "<group>"; };
		3787A6631575D6E000E2F796 /* saved-pressed.png */ = {isa = PBXFileReference; lastKnownFileType = image.png; path = "saved-pressed.png"; sourceTree = "<group>"; };
		3787A6641575D6E000E2F796 /* saved-pressed@2x.png */ = {isa = PBXFileReference; lastKnownFileType = image.png; path = "saved-pressed@2x.png"; sourceTree = "<group>"; };
		3787A6671575D6E700E2F796 /* search-pressed.png */ = {isa = PBXFileReference; lastKnownFileType = image.png; path = "search-pressed.png"; sourceTree = "<group>"; };
		3787A6681575D6E700E2F796 /* search-pressed@2x.png */ = {isa = PBXFileReference; lastKnownFileType = image.png; path = "search-pressed@2x.png"; sourceTree = "<group>"; };
		3787A66B1575F50700E2F796 /* jquery-1.7.2.min.js */ = {isa = PBXFileReference; fileEncoding = 4; lastKnownFileType = sourcecode.javascript; path = "jquery-1.7.2.min.js"; sourceTree = "<group>"; };
		3787D0BE1541E9E60057446A /* TableOfContentsAnchor.h */ = {isa = PBXFileReference; fileEncoding = 4; lastKnownFileType = sourcecode.c.h; path = TableOfContentsAnchor.h; sourceTree = "<group>"; };
		3787D0BF1541E9E60057446A /* TableOfContentsAnchor.m */ = {isa = PBXFileReference; fileEncoding = 4; lastKnownFileType = sourcecode.c.objc; path = TableOfContentsAnchor.m; sourceTree = "<group>"; };
		378D68DB1564958500336BD0 /* SuggestionController.h */ = {isa = PBXFileReference; fileEncoding = 4; lastKnownFileType = sourcecode.c.h; path = SuggestionController.h; sourceTree = "<group>"; };
		378D68DC1564958500336BD0 /* SuggestionController.m */ = {isa = PBXFileReference; fileEncoding = 4; lastKnownFileType = sourcecode.c.objc; path = SuggestionController.m; sourceTree = "<group>"; };
		379DE81F15564B6D00688A78 /* progress-bar-background.png */ = {isa = PBXFileReference; lastKnownFileType = image.png; path = "progress-bar-background.png"; sourceTree = "<group>"; };
		379DE82015564B6D00688A78 /* progress-bar-background@2x.png */ = {isa = PBXFileReference; lastKnownFileType = image.png; path = "progress-bar-background@2x.png"; sourceTree = "<group>"; };
		379DE82115564B6D00688A78 /* progress-bar-fill.png */ = {isa = PBXFileReference; lastKnownFileType = image.png; path = "progress-bar-fill.png"; sourceTree = "<group>"; };
		379DE82215564B6D00688A78 /* progress-bar-fill@2x.png */ = {isa = PBXFileReference; lastKnownFileType = image.png; path = "progress-bar-fill@2x.png"; sourceTree = "<group>"; };
		37A6598015546E810030EF77 /* UIDownloadBar.h */ = {isa = PBXFileReference; fileEncoding = 4; lastKnownFileType = sourcecode.c.h; path = UIDownloadBar.h; sourceTree = "<group>"; };
		37A6598115546E810030EF77 /* UIDownloadBar.m */ = {isa = PBXFileReference; fileEncoding = 4; lastKnownFileType = sourcecode.c.objc; path = UIDownloadBar.m; sourceTree = "<group>"; };
		37A7821A154490E800390CEF /* Amplitude-Book.ttf */ = {isa = PBXFileReference; lastKnownFileType = file; path = "Amplitude-Book.ttf"; sourceTree = "<group>"; };
		37A7821D1544B6BC00390CEF /* linen_bg@2x.png */ = {isa = PBXFileReference; lastKnownFileType = image.png; path = "linen_bg@2x.png"; sourceTree = "<group>"; };
		37A782341544C81A00390CEF /* Icon-72.png */ = {isa = PBXFileReference; lastKnownFileType = image.png; path = "Icon-72.png"; sourceTree = "<group>"; };
		37A782351544C81A00390CEF /* Icon-72@2x.png */ = {isa = PBXFileReference; lastKnownFileType = image.png; path = "Icon-72@2x.png"; sourceTree = "<group>"; };
		37A782361544C81B00390CEF /* Icon-Small-50.png */ = {isa = PBXFileReference; lastKnownFileType = image.png; path = "Icon-Small-50.png"; sourceTree = "<group>"; };
		37A782371544C81B00390CEF /* Icon-Small-50@2x.png */ = {isa = PBXFileReference; lastKnownFileType = image.png; path = "Icon-Small-50@2x.png"; sourceTree = "<group>"; };
		37A782381544C81C00390CEF /* Icon-Small.png */ = {isa = PBXFileReference; lastKnownFileType = image.png; path = "Icon-Small.png"; sourceTree = "<group>"; };
		37A782391544C81C00390CEF /* Icon-Small@2x.png */ = {isa = PBXFileReference; lastKnownFileType = image.png; path = "Icon-Small@2x.png"; sourceTree = "<group>"; };
		37A7823A1544C81C00390CEF /* Icon.png */ = {isa = PBXFileReference; lastKnownFileType = image.png; path = Icon.png; sourceTree = "<group>"; };
		37A7823B1544C81D00390CEF /* Icon@2x.png */ = {isa = PBXFileReference; lastKnownFileType = image.png; path = "Icon@2x.png"; sourceTree = "<group>"; };
		37A782441544D1A600390CEF /* libTestFlight.a */ = {isa = PBXFileReference; lastKnownFileType = archive.ar; path = libTestFlight.a; sourceTree = "<group>"; };
		37A782461544D1DD00390CEF /* libz.dylib */ = {isa = PBXFileReference; lastKnownFileType = "compiled.mach-o.dylib"; name = libz.dylib; path = usr/lib/libz.dylib; sourceTree = SDKROOT; };
		37A782481544D2FB00390CEF /* TestFlight.h */ = {isa = PBXFileReference; lastKnownFileType = sourcecode.c.h; path = TestFlight.h; sourceTree = "<group>"; };
		37A782521544E98C00390CEF /* QuartzCore.framework */ = {isa = PBXFileReference; lastKnownFileType = wrapper.framework; name = QuartzCore.framework; path = System/Library/Frameworks/QuartzCore.framework; sourceTree = SDKROOT; };
		37A7826D15454FC700390CEF /* HistoryItem.h */ = {isa = PBXFileReference; fileEncoding = 4; lastKnownFileType = sourcecode.c.h; path = HistoryItem.h; sourceTree = "<group>"; };
		37A7826E15454FC700390CEF /* HistoryItem.m */ = {isa = PBXFileReference; fileEncoding = 4; lastKnownFileType = sourcecode.c.objc; path = HistoryItem.m; sourceTree = "<group>"; };
		37AC614F154F5FEE00694BF8 /* Twitter.framework */ = {isa = PBXFileReference; lastKnownFileType = wrapper.framework; name = Twitter.framework; path = System/Library/Frameworks/Twitter.framework; sourceTree = SDKROOT; };
		37AC6160154F652500694BF8 /* MessageUI.framework */ = {isa = PBXFileReference; lastKnownFileType = wrapper.framework; name = MessageUI.framework; path = System/Library/Frameworks/MessageUI.framework; sourceTree = SDKROOT; };
		37ACB5D5155DFE3000C98092 /* ImageViewController.h */ = {isa = PBXFileReference; fileEncoding = 4; lastKnownFileType = sourcecode.c.h; path = ImageViewController.h; sourceTree = "<group>"; };
		37ACB5D6155DFE3000C98092 /* ImageViewController.m */ = {isa = PBXFileReference; fileEncoding = 4; lastKnownFileType = sourcecode.c.objc; path = ImageViewController.m; sourceTree = "<group>"; };
		37B166B81566FF0D009DE159 /* SidebarViewController.h */ = {isa = PBXFileReference; fileEncoding = 4; lastKnownFileType = sourcecode.c.h; path = SidebarViewController.h; sourceTree = "<group>"; };
		37B166B91566FF0D009DE159 /* SidebarViewController.m */ = {isa = PBXFileReference; fileEncoding = 4; lastKnownFileType = sourcecode.c.objc; path = SidebarViewController.m; sourceTree = "<group>"; };
		37B166BC1566FF5B009DE159 /* ContentsController.h */ = {isa = PBXFileReference; fileEncoding = 4; lastKnownFileType = sourcecode.c.h; path = ContentsController.h; sourceTree = "<group>"; };
		37B166BD1566FF5B009DE159 /* ContentsController.m */ = {isa = PBXFileReference; fileEncoding = 4; lastKnownFileType = sourcecode.c.objc; path = ContentsController.m; sourceTree = "<group>"; };
		37B166CE156827FB009DE159 /* sidebar-linen.png */ = {isa = PBXFileReference; lastKnownFileType = image.png; path = "sidebar-linen.png"; sourceTree = "<group>"; };
		37B166CF156827FB009DE159 /* sidebar-linen@2x.png */ = {isa = PBXFileReference; lastKnownFileType = image.png; path = "sidebar-linen@2x.png"; sourceTree = "<group>"; };
		37B166D215682936009DE159 /* contents-title.png */ = {isa = PBXFileReference; lastKnownFileType = image.png; path = "contents-title.png"; sourceTree = "<group>"; };
		37B166D315682936009DE159 /* contents-title@2x.png */ = {isa = PBXFileReference; lastKnownFileType = image.png; path = "contents-title@2x.png"; sourceTree = "<group>"; };
		37DB3FEC153D06B500C3C243 /* style.css */ = {isa = PBXFileReference; fileEncoding = 4; lastKnownFileType = text.css; path = style.css; sourceTree = "<group>"; };
		37F09946154D2F8F008D778F /* en */ = {isa = PBXFileReference; lastKnownFileType = text.plist.strings; name = en; path = en.lproj/Localizable.strings; sourceTree = "<group>"; };
		37F09948154D2FB4008D778F /* Japanese */ = {isa = PBXFileReference; lastKnownFileType = text.plist.strings; name = Japanese; path = Japanese.lproj/Localizable.strings; sourceTree = "<group>"; };
/* End PBXFileReference section */

/* Begin PBXFrameworksBuildPhase section */
		3763C72615313DFE00814E54 /* Frameworks */ = {
			isa = PBXFrameworksBuildPhase;
			buildActionMask = 2147483647;
			files = (
				37A782471544D1DE00390CEF /* libz.dylib in Frameworks */,
				371488E51541445E00BE1E4E /* libxml2.dylib in Frameworks */,
				37206D8A157B579A00860192 /* CFNetwork.framework in Frameworks */,
				37206D8C157B57C600860192 /* MobileCoreServices.framework in Frameworks */,
				370AEACB1579D3AB0095F510 /* CoreData.framework in Frameworks */,
				377FBA7B155E49170052C8E1 /* SystemConfiguration.framework in Frameworks */,
				37AC6161154F652500694BF8 /* MessageUI.framework in Frameworks */,
				37AC6150154F5FEE00694BF8 /* Twitter.framework in Frameworks */,
				37A782531544E98C00390CEF /* QuartzCore.framework in Frameworks */,
				3763C72E15313DFE00814E54 /* UIKit.framework in Frameworks */,
				3763C73015313DFE00814E54 /* Foundation.framework in Frameworks */,
				3763C73215313DFE00814E54 /* CoreGraphics.framework in Frameworks */,
				37A782451544D1A600390CEF /* libTestFlight.a in Frameworks */,
			);
			runOnlyForDeploymentPostprocessing = 0;
		};
/* End PBXFrameworksBuildPhase section */

/* Begin PBXGroup section */
		370AEACD1579D3EF0095F510 /* Core Data */ = {
			isa = PBXGroup;
			children = (
				370AEAD21579D8EA0095F510 /* History.xcdatamodeld */,
			);
			name = "Core Data";
			sourceTree = "<group>";
		};
		37206D67157B55D300860192 /* ASIHTTPRequest */ = {
			isa = PBXGroup;
			children = (
				37206D69157B55EA00860192 /* ASIHTTPRequestConfig.h */,
				37206D6A157B55EA00860192 /* ASICacheDelegate.h */,
				37206D6B157B55EA00860192 /* ASIHTTPRequestDelegate.h */,
				37206D6C157B55EA00860192 /* ASIProgressDelegate.h */,
				37206D6D157B55EA00860192 /* ASIAuthenticationDialog.h */,
				37206D6E157B55EA00860192 /* ASIAuthenticationDialog.m */,
				37206D6F157B55EA00860192 /* ASIInputStream.h */,
				37206D70157B55EA00860192 /* ASIInputStream.m */,
				37206D71157B55EA00860192 /* ASIFormDataRequest.h */,
				37206D72157B55EA00860192 /* ASIFormDataRequest.m */,
				37206D73157B55EA00860192 /* ASIHTTPRequest.h */,
				37206D74157B55EA00860192 /* ASIHTTPRequest.m */,
				37206D75157B55EA00860192 /* ASINetworkQueue.h */,
				37206D76157B55EA00860192 /* ASINetworkQueue.m */,
				37206D77157B55EA00860192 /* ASIDownloadCache.h */,
				37206D78157B55EA00860192 /* ASIDownloadCache.m */,
				37206D79157B55EA00860192 /* ASIDataDecompressor.h */,
				37206D7A157B55EA00860192 /* ASIDataDecompressor.m */,
				37206D7B157B55EA00860192 /* ASIDataCompressor.h */,
				37206D7C157B55EA00860192 /* ASIDataCompressor.m */,
				37206D88157B55F700860192 /* ASIWebPageRequest */,
			);
			name = ASIHTTPRequest;
			sourceTree = "<group>";
		};
		37206D88157B55F700860192 /* ASIWebPageRequest */ = {
			isa = PBXGroup;
			children = (
				37206D7D157B55EA00860192 /* ASIWebPageRequest.h */,
				37206D7E157B55EA00860192 /* ASIWebPageRequest.m */,
			);
			name = ASIWebPageRequest;
			sourceTree = "<group>";
		};
		375141951576083200AFB1B9 /* Images */ = {
			isa = PBXGroup;
			children = (
				375141971576085800AFB1B9 /* Icons */,
				37B166D215682936009DE159 /* contents-title.png */,
				37B166D315682936009DE159 /* contents-title@2x.png */,
				37B166CE156827FB009DE159 /* sidebar-linen.png */,
				37B166CF156827FB009DE159 /* sidebar-linen@2x.png */,
				37A7821D1544B6BC00390CEF /* linen_bg@2x.png */,
				372C81951543CA0300991587 /* bg.png */,
				379DE81F15564B6D00688A78 /* progress-bar-background.png */,
				379DE82015564B6D00688A78 /* progress-bar-background@2x.png */,
				379DE82115564B6D00688A78 /* progress-bar-fill.png */,
				379DE82215564B6D00688A78 /* progress-bar-fill@2x.png */,
				372116661558F2B000BB587A /* back.png */,
				372116671558F2B000BB587A /* back@2x.png */,
				3721163E1558F28200BB587A /* back-dim.png */,
				3721163F1558F28200BB587A /* back-dim@2x.png */,
				3787A6521575D4D400E2F796 /* back-pressed.png */,
				3787A6531575D4D400E2F796 /* back-pressed@2x.png */,
				372116681558F2B000BB587A /* forward.png */,
				372116691558F2B000BB587A /* forward@2x.png */,
				372116461558F28200BB587A /* forward-dim.png */,
				372116471558F28200BB587A /* forward-dim@2x.png */,
				3787A65B1575D6BE00E2F796 /* forward-pressed.png */,
				3787A65C1575D6BE00E2F796 /* forward-pressed@2x.png */,
				372116401558F28200BB587A /* bottombar.png */,
				372116411558F28200BB587A /* bottombar@2x.png */,
				37197FA0155CCDBE00BCCA06 /* bottombar@2x~ipad.png */,
				37197FA1155CCDBE00BCCA06 /* bottombar~ipad.png */,
				372116421558F28200BB587A /* contents.png */,
				372116431558F28200BB587A /* contents@2x.png */,
				372116441558F28200BB587A /* export.png */,
				372116451558F28200BB587A /* export@2x.png */,
				3787A6571575D4E400E2F796 /* export-pressed.png */,
				3787A6581575D4E400E2F796 /* export-pressed@2x.png */,
				372116481558F28200BB587A /* history.png */,
				372116491558F28200BB587A /* history@2x.png */,
				3787A65F1575D6CB00E2F796 /* history-pressed.png */,
				3787A6601575D6CB00E2F796 /* history-pressed@2x.png */,
				3721164A1558F28200BB587A /* saved.png */,
				3721164B1558F28200BB587A /* saved@2x.png */,
				3787A6631575D6E000E2F796 /* saved-pressed.png */,
				3787A6641575D6E000E2F796 /* saved-pressed@2x.png */,
				3721164C1558F28200BB587A /* search.png */,
				3721164D1558F28200BB587A /* search@2x.png */,
				3787A6671575D6E700E2F796 /* search-pressed.png */,
				3787A6681575D6E700E2F796 /* search-pressed@2x.png */,
				3721164E1558F28200BB587A /* topbar.png */,
				3721164F1558F28200BB587A /* topbar@2x.png */,
				372116621558F2A200BB587A /* searchbar.png */,
				372116631558F2A200BB587A /* searchbar@2x.png */,
			);
			name = Images;
			sourceTree = "<group>";
		};
		375141971576085800AFB1B9 /* Icons */ = {
			isa = PBXGroup;
			children = (
				37A782341544C81A00390CEF /* Icon-72.png */,
				37A782351544C81A00390CEF /* Icon-72@2x.png */,
				37A782361544C81B00390CEF /* Icon-Small-50.png */,
				37A782371544C81B00390CEF /* Icon-Small-50@2x.png */,
				37A782381544C81C00390CEF /* Icon-Small.png */,
				37A782391544C81C00390CEF /* Icon-Small@2x.png */,
				37A7823A1544C81C00390CEF /* Icon.png */,
				37A7823B1544C81D00390CEF /* Icon@2x.png */,
			);
			name = Icons;
			sourceTree = "<group>";
		};
		375141981576087C00AFB1B9 /* Web */ = {
			isa = PBXGroup;
			children = (
				37DB3FEC153D06B500C3C243 /* style.css */,
				3787A66B1575F50700E2F796 /* jquery-1.7.2.min.js */,
				3782072C157C89DA00943CD8 /* wizardry.js */,
				37A7821A154490E800390CEF /* Amplitude-Book.ttf */,
				37820730157CA18500943CD8 /* Amplitude-Medium.ttf */,
				37820726157C6FAD00943CD8 /* landing-image.png */,
				37820727157C6FAD00943CD8 /* landing-image@2x.png */,
				37820728157C6FAD00943CD8 /* welcome.html */,
			);
			name = Web;
			sourceTree = "<group>";
		};
		375141991576092900AFB1B9 /* ImageViewer */ = {
			isa = PBXGroup;
			children = (
				377F074E1547B9FE008E8187 /* ImageScrollView.h */,
				377F074F1547B9FE008E8187 /* ImageScrollView.m */,
			);
			name = ImageViewer;
			sourceTree = "<group>";
		};
		3763C71E15313DFD00814E54 = {
			isa = PBXGroup;
			children = (
				3763C73315313DFE00814E54 /* Wiki App */,
				3763C72C15313DFE00814E54 /* Frameworks */,
				3763C72A15313DFE00814E54 /* Products */,
			);
			sourceTree = "<group>";
		};
		3763C72A15313DFE00814E54 /* Products */ = {
			isa = PBXGroup;
			children = (
				3763C72915313DFE00814E54 /* Pedia.app */,
			);
			name = Products;
			sourceTree = "<group>";
		};
		3763C72C15313DFE00814E54 /* Frameworks */ = {
			isa = PBXGroup;
			children = (
				37A782461544D1DD00390CEF /* libz.dylib */,
				37A782441544D1A600390CEF /* libTestFlight.a */,
				371488E41541445E00BE1E4E /* libxml2.dylib */,
				37206D89157B579A00860192 /* CFNetwork.framework */,
				37206D8B157B57C600860192 /* MobileCoreServices.framework */,
				370AEACA1579D3AB0095F510 /* CoreData.framework */,
				377FBA7A155E49170052C8E1 /* SystemConfiguration.framework */,
				37AC6160154F652500694BF8 /* MessageUI.framework */,
				37AC614F154F5FEE00694BF8 /* Twitter.framework */,
				37A782521544E98C00390CEF /* QuartzCore.framework */,
				3763C72D15313DFE00814E54 /* UIKit.framework */,
				3763C72F15313DFE00814E54 /* Foundation.framework */,
				3763C73115313DFE00814E54 /* CoreGraphics.framework */,
			);
			name = Frameworks;
			sourceTree = "<group>";
		};
		3763C73315313DFE00814E54 /* Wiki App */ = {
			isa = PBXGroup;
			children = (
				3763C73C15313DFE00814E54 /* AppDelegate.h */,
				3763C73D15313DFE00814E54 /* AppDelegate.m */,
				378D68DE156495CF00336BD0 /* Controllers */,
				375141991576092900AFB1B9 /* ImageViewer */,
				3787A66E1576058300E2F796 /* Wikipedia */,
				370AEACD1579D3EF0095F510 /* Core Data */,
				37820724157C4BC800943CD8 /* Categories */,
				378D68E01564963C00336BD0 /* HTML Parser */,
				377FBA71155E47400052C8E1 /* Reachability */,
				3763C75715314BB600814E54 /* SBJson */,
				37A6597F15546E810030EF77 /* DownloadBar */,
				37206D67157B55D300860192 /* ASIHTTPRequest */,
				3763C73415313DFE00814E54 /* Supporting Files */,
			);
			path = "Wiki App";
			sourceTree = "<group>";
		};
		3763C73415313DFE00814E54 /* Supporting Files */ = {
			isa = PBXGroup;
			children = (
				3763C73515313DFE00814E54 /* Pedia-Info.plist */,
				3763C73615313DFE00814E54 /* InfoPlist.strings */,
				37206D92157B5D9500860192 /* Settings.bundle */,
				37F09945154D2F8F008D778F /* Localizable.strings */,
				3763C73F15313DFE00814E54 /* MainStoryboard_iPhone.storyboard */,
				3763C74215313DFE00814E54 /* MainStoryboard_iPad.storyboard */,
				372501491578603A001C57CF /* GettingStartedViewController.xib */,
				3725014D157860AD001C57CF /* GettingStartedViewController~iPad.xib */,
				375141981576087C00AFB1B9 /* Web */,
				375141951576083200AFB1B9 /* Images */,
				3763C73915313DFE00814E54 /* main.m */,
				37A782481544D2FB00390CEF /* TestFlight.h */,
				3763C73B15313DFE00814E54 /* Pedia-Prefix.pch */,
				3728575515466E2700EF076C /* Pedia.entitlements */,
			);
			name = "Supporting Files";
			sourceTree = "<group>";
		};
		3763C75715314BB600814E54 /* SBJson */ = {
			isa = PBXGroup;
			children = (
				3763C75815314BB600814E54 /* SBJson.h */,
				3763C75915314BB600814E54 /* SBJsonParser.h */,
				3763C75A15314BB600814E54 /* SBJsonParser.m */,
				3763C75B15314BB600814E54 /* SBJsonStreamParser.h */,
				3763C75C15314BB600814E54 /* SBJsonStreamParser.m */,
				3763C75D15314BB600814E54 /* SBJsonStreamParserAccumulator.h */,
				3763C75E15314BB600814E54 /* SBJsonStreamParserAccumulator.m */,
				3763C75F15314BB600814E54 /* SBJsonStreamParserAdapter.h */,
				3763C76015314BB600814E54 /* SBJsonStreamParserAdapter.m */,
				3763C76115314BB600814E54 /* SBJsonStreamParserState.h */,
				3763C76215314BB600814E54 /* SBJsonStreamParserState.m */,
				3763C76315314BB600814E54 /* SBJsonStreamWriter.h */,
				3763C76415314BB600814E54 /* SBJsonStreamWriter.m */,
				3763C76515314BB600814E54 /* SBJsonStreamWriterAccumulator.h */,
				3763C76615314BB600814E54 /* SBJsonStreamWriterAccumulator.m */,
				3763C76715314BB600814E54 /* SBJsonStreamWriterState.h */,
				3763C76815314BB600814E54 /* SBJsonStreamWriterState.m */,
				3763C76915314BB600814E54 /* SBJsonTokeniser.h */,
				3763C76A15314BB600814E54 /* SBJsonTokeniser.m */,
				3763C76B15314BB600814E54 /* SBJsonUTF8Stream.h */,
				3763C76C15314BB600814E54 /* SBJsonUTF8Stream.m */,
				3763C76D15314BB600814E54 /* SBJsonWriter.h */,
				3763C76E15314BB600814E54 /* SBJsonWriter.m */,
			);
			path = SBJson;
			sourceTree = "<group>";
		};
		377FBA71155E47400052C8E1 /* Reachability */ = {
			isa = PBXGroup;
			children = (
				377FBA73155E47530052C8E1 /* Reachability.h */,
				377FBA74155E47530052C8E1 /* Reachability.m */,
			);
			name = Reachability;
			sourceTree = "<group>";
		};
		37820724157C4BC800943CD8 /* Categories */ = {
			isa = PBXGroup;
			children = (
				3782071C157C47D100943CD8 /* UINavigationBar+DropShadow.h */,
				3782071D157C47D100943CD8 /* UINavigationBar+DropShadow.m */,
			);
			name = Categories;
			sourceTree = "<group>";
		};
		3787A66E1576058300E2F796 /* Wikipedia */ = {
			isa = PBXGroup;
			children = (
				3763C75415314B3800814E54 /* WikipediaHelper.h */,
				3763C75515314B3800814E54 /* WikipediaHelper.m */,
				3787A66F1576066B00E2F796 /* Model */,
			);
			name = Wikipedia;
			sourceTree = "<group>";
		};
		3787A66F1576066B00E2F796 /* Model */ = {
			isa = PBXGroup;
			children = (
				3787D0BE1541E9E60057446A /* TableOfContentsAnchor.h */,
				3787D0BF1541E9E60057446A /* TableOfContentsAnchor.m */,
				37A7826D15454FC700390CEF /* HistoryItem.h */,
				37A7826E15454FC700390CEF /* HistoryItem.m */,
			);
			name = Model;
			sourceTree = "<group>";
		};
		3787A670157606D000E2F796 /* iPad */ = {
			isa = PBXGroup;
			children = (
				37B166B81566FF0D009DE159 /* SidebarViewController.h */,
				37B166B91566FF0D009DE159 /* SidebarViewController.m */,
				37B166BC1566FF5B009DE159 /* ContentsController.h */,
				37B166BD1566FF5B009DE159 /* ContentsController.m */,
			);
			name = iPad;
			sourceTree = "<group>";
		};
		378D68DE156495CF00336BD0 /* Controllers */ = {
			isa = PBXGroup;
			children = (
				372501471578603A001C57CF /* GettingStartedViewController.h */,
				372501481578603A001C57CF /* GettingStartedViewController.m */,
				3763C74515313DFE00814E54 /* MasterViewController.h */,
				3763C74615313DFE00814E54 /* MasterViewController.m */,
				3763C74815313DFE00814E54 /* ArticleViewController.h */,
				3763C74915313DFE00814E54 /* ArticleViewController.m */,
				372C818F1543BF9500991587 /* HistoryViewController.h */,
				372C81901543BF9500991587 /* HistoryViewController.m */,
				37ACB5D5155DFE3000C98092 /* ImageViewController.h */,
				37ACB5D6155DFE3000C98092 /* ImageViewController.m */,
				378D68DB1564958500336BD0 /* SuggestionController.h */,
				378D68DC1564958500336BD0 /* SuggestionController.m */,
				3787A670157606D000E2F796 /* iPad */,
			);
			name = Controllers;
			sourceTree = "<group>";
		};
		378D68E01564963C00336BD0 /* HTML Parser */ = {
			isa = PBXGroup;
			children = (
				371488DF1541442F00BE1E4E /* HTMLNode.h */,
				371488E01541442F00BE1E4E /* HTMLNode.m */,
				371488E11541442F00BE1E4E /* HTMLParser.h */,
				371488E21541442F00BE1E4E /* HTMLParser.m */,
			);
			name = "HTML Parser";
			sourceTree = "<group>";
		};
		37A6597F15546E810030EF77 /* DownloadBar */ = {
			isa = PBXGroup;
			children = (
				37A6598015546E810030EF77 /* UIDownloadBar.h */,
				37A6598115546E810030EF77 /* UIDownloadBar.m */,
			);
			path = DownloadBar;
			sourceTree = "<group>";
		};
/* End PBXGroup section */

/* Begin PBXNativeTarget section */
		3763C72815313DFE00814E54 /* Pedia */ = {
			isa = PBXNativeTarget;
			buildConfigurationList = 3763C74D15313DFE00814E54 /* Build configuration list for PBXNativeTarget "Pedia" */;
			buildPhases = (
				3763C72515313DFE00814E54 /* Sources */,
				3763C72615313DFE00814E54 /* Frameworks */,
				3763C72715313DFE00814E54 /* Resources */,
			);
			buildRules = (
			);
			dependencies = (
			);
			name = Pedia;
			productName = "Wiki App";
			productReference = 3763C72915313DFE00814E54 /* Pedia.app */;
			productType = "com.apple.product-type.application";
		};
/* End PBXNativeTarget section */

/* Begin PBXProject section */
		3763C72015313DFD00814E54 /* Project object */ = {
			isa = PBXProject;
			attributes = {
				LastUpgradeCheck = 0430;
			};
			buildConfigurationList = 3763C72315313DFD00814E54 /* Build configuration list for PBXProject "Pedia" */;
			compatibilityVersion = "Xcode 3.2";
			developmentRegion = English;
			hasScannedForEncodings = 0;
			knownRegions = (
				en,
				Japanese,
			);
			mainGroup = 3763C71E15313DFD00814E54;
			productRefGroup = 3763C72A15313DFE00814E54 /* Products */;
			projectDirPath = "";
			projectRoot = "";
			targets = (
				3763C72815313DFE00814E54 /* Pedia */,
			);
		};
/* End PBXProject section */

/* Begin PBXResourcesBuildPhase section */
		3763C72715313DFE00814E54 /* Resources */ = {
			isa = PBXResourcesBuildPhase;
			buildActionMask = 2147483647;
			files = (
				3763C73815313DFE00814E54 /* InfoPlist.strings in Resources */,
				37F09947154D2F8F008D778F /* Localizable.strings in Resources */,
				3763C74115313DFE00814E54 /* MainStoryboard_iPhone.storyboard in Resources */,
				3763C74415313DFE00814E54 /* MainStoryboard_iPad.storyboard in Resources */,
				37DB3FED153D06B500C3C243 /* style.css in Resources */,
				3787A66D1575F51F00E2F796 /* jquery-1.7.2.min.js in Resources */,
				37820732157CA49900943CD8 /* wizardry.js in Resources */,
				372C81961543CA0300991587 /* bg.png in Resources */,
				37A7821E1544B6BC00390CEF /* linen_bg@2x.png in Resources */,
				37A7823C1544C81D00390CEF /* Icon-72.png in Resources */,
				37A7823D1544C81D00390CEF /* Icon-72@2x.png in Resources */,
				37A7823E1544C81D00390CEF /* Icon-Small-50.png in Resources */,
				37A7823F1544C81D00390CEF /* Icon-Small-50@2x.png in Resources */,
				37A782401544C81D00390CEF /* Icon-Small.png in Resources */,
				37A782411544C81D00390CEF /* Icon-Small@2x.png in Resources */,
				37A782421544C81D00390CEF /* Icon.png in Resources */,
				37A782431544C81D00390CEF /* Icon@2x.png in Resources */,
				37F09949154D2FB4008D778F /* Amplitude-Book.ttf in Resources */,
				379DE82315564B6D00688A78 /* progress-bar-background.png in Resources */,
				379DE82415564B6D00688A78 /* progress-bar-background@2x.png in Resources */,
				379DE82515564B6D00688A78 /* progress-bar-fill.png in Resources */,
				379DE82615564B6D00688A78 /* progress-bar-fill@2x.png in Resources */,
				372116501558F28200BB587A /* back-dim.png in Resources */,
				372116511558F28200BB587A /* back-dim@2x.png in Resources */,
				372116521558F28200BB587A /* bottombar.png in Resources */,
				372116531558F28200BB587A /* bottombar@2x.png in Resources */,
				372116541558F28200BB587A /* contents.png in Resources */,
				372116551558F28200BB587A /* contents@2x.png in Resources */,
				372116561558F28200BB587A /* export.png in Resources */,
				372116571558F28200BB587A /* export@2x.png in Resources */,
				372116581558F28200BB587A /* forward-dim.png in Resources */,
				372116591558F28200BB587A /* forward-dim@2x.png in Resources */,
				3721165A1558F28200BB587A /* history.png in Resources */,
				3721165B1558F28200BB587A /* history@2x.png in Resources */,
				3721165C1558F28200BB587A /* saved.png in Resources */,
				3721165D1558F28200BB587A /* saved@2x.png in Resources */,
				3721165E1558F28200BB587A /* search.png in Resources */,
				3721165F1558F28200BB587A /* search@2x.png in Resources */,
				372116601558F28200BB587A /* topbar.png in Resources */,
				372116611558F28200BB587A /* topbar@2x.png in Resources */,
				372116641558F2A200BB587A /* searchbar.png in Resources */,
				372116651558F2A200BB587A /* searchbar@2x.png in Resources */,
				3721166A1558F2B000BB587A /* back.png in Resources */,
				3721166B1558F2B000BB587A /* back@2x.png in Resources */,
				3721166C1558F2B000BB587A /* forward.png in Resources */,
				3721166D1558F2B000BB587A /* forward@2x.png in Resources */,
				37197FA2155CCDBE00BCCA06 /* bottombar@2x~ipad.png in Resources */,
				37197FA3155CCDBE00BCCA06 /* bottombar~ipad.png in Resources */,
				37B166D0156827FB009DE159 /* sidebar-linen.png in Resources */,
				37B166D1156827FB009DE159 /* sidebar-linen@2x.png in Resources */,
				37B166D415682936009DE159 /* contents-title.png in Resources */,
				37B166D515682936009DE159 /* contents-title@2x.png in Resources */,
				3787A6541575D4D400E2F796 /* back-pressed.png in Resources */,
				3787A6551575D4D400E2F796 /* back-pressed@2x.png in Resources */,
				3787A6591575D4E400E2F796 /* export-pressed.png in Resources */,
				3787A65A1575D4E400E2F796 /* export-pressed@2x.png in Resources */,
				3787A65D1575D6BE00E2F796 /* forward-pressed.png in Resources */,
				3787A65E1575D6BE00E2F796 /* forward-pressed@2x.png in Resources */,
				3787A6611575D6CB00E2F796 /* history-pressed.png in Resources */,
				3787A6621575D6CB00E2F796 /* history-pressed@2x.png in Resources */,
				3787A6651575D6E000E2F796 /* saved-pressed.png in Resources */,
				3787A6661575D6E000E2F796 /* saved-pressed@2x.png in Resources */,
				3787A6691575D6E700E2F796 /* search-pressed.png in Resources */,
				3787A66A1575D6E700E2F796 /* search-pressed@2x.png in Resources */,
				3725014B1578603A001C57CF /* GettingStartedViewController.xib in Resources */,
				3725014E157860AD001C57CF /* GettingStartedViewController~iPad.xib in Resources */,
				37206D93157B5D9500860192 /* Settings.bundle in Resources */,
				37820729157C6FAD00943CD8 /* landing-image.png in Resources */,
				3782072A157C6FAD00943CD8 /* landing-image@2x.png in Resources */,
				3782072B157C6FAD00943CD8 /* welcome.html in Resources */,
				37820731157CA18500943CD8 /* Amplitude-Medium.ttf in Resources */,
			);
			runOnlyForDeploymentPostprocessing = 0;
		};
/* End PBXResourcesBuildPhase section */

/* Begin PBXSourcesBuildPhase section */
		3763C72515313DFE00814E54 /* Sources */ = {
			isa = PBXSourcesBuildPhase;
			buildActionMask = 2147483647;
			files = (
				3763C73A15313DFE00814E54 /* main.m in Sources */,
				3763C73E15313DFE00814E54 /* AppDelegate.m in Sources */,
				3763C74715313DFE00814E54 /* MasterViewController.m in Sources */,
				37A6598215546E810030EF77 /* UIDownloadBar.m in Sources */,
				3763C74A15313DFE00814E54 /* ArticleViewController.m in Sources */,
				3763C77A15314EBF00814E54 /* WikipediaHelper.m in Sources */,
				3763C76F15314BB600814E54 /* SBJsonParser.m in Sources */,
				3763C77015314BB600814E54 /* SBJsonStreamParser.m in Sources */,
				3763C77115314BB600814E54 /* SBJsonStreamParserAccumulator.m in Sources */,
				3763C77215314BB600814E54 /* SBJsonStreamParserAdapter.m in Sources */,
				3763C77315314BB600814E54 /* SBJsonStreamParserState.m in Sources */,
				3763C77415314BB600814E54 /* SBJsonStreamWriter.m in Sources */,
				3763C77515314BB600814E54 /* SBJsonStreamWriterAccumulator.m in Sources */,
				3763C77615314BB600814E54 /* SBJsonStreamWriterState.m in Sources */,
				3763C77715314BB600814E54 /* SBJsonTokeniser.m in Sources */,
				3763C77815314BB600814E54 /* SBJsonUTF8Stream.m in Sources */,
				3763C77915314BB600814E54 /* SBJsonWriter.m in Sources */,
				3787D0C11541F2620057446A /* HTMLNode.m in Sources */,
				3787D0C21541F2650057446A /* HTMLParser.m in Sources */,
				3787D0C01541E9E60057446A /* TableOfContentsAnchor.m in Sources */,
				372C81911543BF9500991587 /* HistoryViewController.m in Sources */,
				37A7826F15454FC700390CEF /* HistoryItem.m in Sources */,
				377F07501547B9FE008E8187 /* ImageScrollView.m in Sources */,
				37ACB5D7155DFE3000C98092 /* ImageViewController.m in Sources */,
				377FBA75155E47530052C8E1 /* Reachability.m in Sources */,
				378D68DD1564958500336BD0 /* SuggestionController.m in Sources */,
				37B166BA1566FF0D009DE159 /* SidebarViewController.m in Sources */,
				37B166BE1566FF5B009DE159 /* ContentsController.m in Sources */,
				3725014A1578603A001C57CF /* GettingStartedViewController.m in Sources */,
				370AEAD41579D8EA0095F510 /* History.xcdatamodeld in Sources */,
				37206D7F157B55EA00860192 /* ASIAuthenticationDialog.m in Sources */,
				37206D80157B55EA00860192 /* ASIInputStream.m in Sources */,
				37206D81157B55EA00860192 /* ASIFormDataRequest.m in Sources */,
				37206D82157B55EA00860192 /* ASIHTTPRequest.m in Sources */,
				37206D83157B55EA00860192 /* ASINetworkQueue.m in Sources */,
				37206D84157B55EA00860192 /* ASIDownloadCache.m in Sources */,
				37206D85157B55EA00860192 /* ASIDataDecompressor.m in Sources */,
				37206D86157B55EA00860192 /* ASIDataCompressor.m in Sources */,
				37206D87157B55EA00860192 /* ASIWebPageRequest.m in Sources */,
				3782071E157C47D100943CD8 /* UINavigationBar+DropShadow.m in Sources */,
			);
			runOnlyForDeploymentPostprocessing = 0;
		};
/* End PBXSourcesBuildPhase section */

/* Begin PBXVariantGroup section */
		3763C73615313DFE00814E54 /* InfoPlist.strings */ = {
			isa = PBXVariantGroup;
			children = (
				3763C73715313DFE00814E54 /* en */,
			);
			name = InfoPlist.strings;
			sourceTree = "<group>";
		};
		3763C73F15313DFE00814E54 /* MainStoryboard_iPhone.storyboard */ = {
			isa = PBXVariantGroup;
			children = (
				3763C74015313DFE00814E54 /* en */,
			);
			name = MainStoryboard_iPhone.storyboard;
			sourceTree = "<group>";
		};
		3763C74215313DFE00814E54 /* MainStoryboard_iPad.storyboard */ = {
			isa = PBXVariantGroup;
			children = (
				3763C74315313DFE00814E54 /* en */,
			);
			name = MainStoryboard_iPad.storyboard;
			sourceTree = "<group>";
		};
		37F09945154D2F8F008D778F /* Localizable.strings */ = {
			isa = PBXVariantGroup;
			children = (
				37F09946154D2F8F008D778F /* en */,
				37F09948154D2FB4008D778F /* Japanese */,
			);
			name = Localizable.strings;
			sourceTree = "<group>";
		};
/* End PBXVariantGroup section */

/* Begin XCBuildConfiguration section */
		3763C74B15313DFE00814E54 /* Debug */ = {
			isa = XCBuildConfiguration;
			buildSettings = {
				ALWAYS_SEARCH_USER_PATHS = NO;
				ARCHS = "$(ARCHS_STANDARD_32_BIT)";
				CLANG_ENABLE_OBJC_ARC = YES;
				"CODE_SIGN_IDENTITY[sdk=iphoneos*]" = "iPhone Developer";
				COPY_PHASE_STRIP = NO;
				GCC_C_LANGUAGE_STANDARD = gnu99;
				GCC_DYNAMIC_NO_PIC = NO;
				GCC_OPTIMIZATION_LEVEL = 0;
				GCC_PREPROCESSOR_DEFINITIONS = (
					"DEBUG=1",
					"$(inherited)",
				);
				GCC_SYMBOLS_PRIVATE_EXTERN = NO;
				GCC_VERSION = com.apple.compilers.llvm.clang.1_0;
				GCC_WARN_ABOUT_RETURN_TYPE = YES;
				GCC_WARN_UNINITIALIZED_AUTOS = YES;
				GCC_WARN_UNUSED_VARIABLE = YES;
				IPHONEOS_DEPLOYMENT_TARGET = 5.1;
				PRODUCT_NAME = Pedia;
				SDKROOT = iphoneos;
				TARGETED_DEVICE_FAMILY = "1,2";
			};
			name = Debug;
		};
		3763C74C15313DFE00814E54 /* Release */ = {
			isa = XCBuildConfiguration;
			buildSettings = {
				ALWAYS_SEARCH_USER_PATHS = NO;
				ARCHS = "$(ARCHS_STANDARD_32_BIT)";
				CLANG_ENABLE_OBJC_ARC = YES;
				"CODE_SIGN_IDENTITY[sdk=iphoneos*]" = "iPhone Developer";
				COPY_PHASE_STRIP = YES;
				GCC_C_LANGUAGE_STANDARD = gnu99;
				GCC_VERSION = com.apple.compilers.llvm.clang.1_0;
				GCC_WARN_ABOUT_RETURN_TYPE = YES;
				GCC_WARN_UNINITIALIZED_AUTOS = YES;
				GCC_WARN_UNUSED_VARIABLE = YES;
				IPHONEOS_DEPLOYMENT_TARGET = 5.1;
				OTHER_CFLAGS = "-DNS_BLOCK_ASSERTIONS=1";
				PRODUCT_NAME = Pedia;
				SDKROOT = iphoneos;
				TARGETED_DEVICE_FAMILY = "1,2";
				VALIDATE_PRODUCT = YES;
			};
			name = Release;
		};
		3763C74E15313DFE00814E54 /* Debug */ = {
			isa = XCBuildConfiguration;
			buildSettings = {
				ALWAYS_SEARCH_USER_PATHS = YES;
				CODE_SIGN_ENTITLEMENTS = "Wiki App/Pedia.entitlements";
				"CODE_SIGN_IDENTITY[sdk=iphoneos*]" = "iPhone Developer: Chloe Stars (7HU4NHXL9M)";
				GCC_PRECOMPILE_PREFIX_HEADER = YES;
				GCC_PREFIX_HEADER = "Wiki App/Pedia-Prefix.pch";
				HEADER_SEARCH_PATHS = "\"${SDK_DIR}\"/usr/include/libxml2/**";
				INFOPLIST_FILE = "Wiki App/Pedia-Info.plist";
				LIBRARY_SEARCH_PATHS = (
					"$(inherited)",
					"\"$(SRCROOT)\"",
				);
				PRODUCT_NAME = Pedia;
				"PROVISIONING_PROFILE[sdk=iphoneos*]" = "1805A3DD-4696-4F78-887D-550FBFC71BD3";
				SDKROOT = iphoneos;
				USER_HEADER_SEARCH_PATHS = "$(SDKROOT)/usr/include/libxml2/**";
				WRAPPER_EXTENSION = app;
			};
			name = Debug;
		};
		3763C74F15313DFE00814E54 /* Release */ = {
			isa = XCBuildConfiguration;
			buildSettings = {
				ALWAYS_SEARCH_USER_PATHS = YES;
				CODE_SIGN_ENTITLEMENTS = "Wiki App/Pedia.entitlements";
				"CODE_SIGN_IDENTITY[sdk=iphoneos*]" = "iPhone Developer: Chloe Stars (7HU4NHXL9M)";
				GCC_PRECOMPILE_PREFIX_HEADER = YES;
				GCC_PREFIX_HEADER = "Wiki App/Pedia-Prefix.pch";
				HEADER_SEARCH_PATHS = "\"${SDK_DIR}\"/usr/include/libxml2/**";
				INFOPLIST_FILE = "Wiki App/Pedia-Info.plist";
				LIBRARY_SEARCH_PATHS = (
					"$(inherited)",
					"\"$(SRCROOT)\"",
				);
				PRODUCT_NAME = Pedia;
				"PROVISIONING_PROFILE[sdk=iphoneos*]" = "1805A3DD-4696-4F78-887D-550FBFC71BD3";
				SDKROOT = iphoneos;
				USER_HEADER_SEARCH_PATHS = "$(SDKROOT)/usr/include/libxml2/**";
				WRAPPER_EXTENSION = app;
			};
			name = Release;
		};
/* End XCBuildConfiguration section */

/* Begin XCConfigurationList section */
		3763C72315313DFD00814E54 /* Build configuration list for PBXProject "Pedia" */ = {
			isa = XCConfigurationList;
			buildConfigurations = (
				3763C74B15313DFE00814E54 /* Debug */,
				3763C74C15313DFE00814E54 /* Release */,
			);
			defaultConfigurationIsVisible = 0;
			defaultConfigurationName = Release;
		};
		3763C74D15313DFE00814E54 /* Build configuration list for PBXNativeTarget "Pedia" */ = {
			isa = XCConfigurationList;
			buildConfigurations = (
				3763C74E15313DFE00814E54 /* Debug */,
				3763C74F15313DFE00814E54 /* Release */,
			);
			defaultConfigurationIsVisible = 0;
			defaultConfigurationName = Release;
		};
/* End XCConfigurationList section */

/* Begin XCVersionGroup section */
		370AEAD21579D8EA0095F510 /* History.xcdatamodeld */ = {
			isa = XCVersionGroup;
			children = (
				370AEAD31579D8EA0095F510 /* History.xcdatamodel */,
			);
			currentVersion = 370AEAD31579D8EA0095F510 /* History.xcdatamodel */;
			path = History.xcdatamodeld;
			sourceTree = "<group>";
			versionGroupType = wrapper.xcdatamodel;
		};
/* End XCVersionGroup section */
	};
	rootObject = 3763C72015313DFD00814E54 /* Project object */;
}
